{
  "version": 4,
  "terraform_version": "1.0.7",
  "serial": 222,
  "lineage": "ae5b3680-a4d4-2014-802b-cc29e98a4323",
  "outputs": {},
  "resources": [
    {
      "mode": "managed",
      "type": "aws_eip",
      "name": "gw",
      "provider": "provider[\"registry.terraform.io/hashicorp/aws\"]",
      "instances": [
        {
          "index_key": 0,
          "schema_version": 0,
          "attributes": {
            "address": null,
            "allocation_id": null,
            "associate_with_private_ip": null,
            "association_id": "eipassoc-02724a444b78a4afb",
            "carrier_ip": "",
            "customer_owned_ip": "",
            "customer_owned_ipv4_pool": "",
            "domain": "vpc",
            "id": "eipalloc-d97685d4",
            "instance": "i-03929c135bd6ee1d9",
            "network_border_group": "eu-central-1",
            "network_interface": "eni-0058c1ac12ad76339",
            "private_dns": "ip-192-168-1-162.eu-central-1.compute.internal",
            "private_ip": "192.168.1.162",
            "public_dns": "ec2-3-70-122-25.eu-central-1.compute.amazonaws.com",
            "public_ip": "3.70.122.25",
            "public_ipv4_pool": "amazon",
            "tags": {
              "Name": "Main Iep 1"
            },
            "tags_all": {
              "Name": "Main Iep 1"
            },
            "timeouts": null,
            "vpc": true
          },
          "sensitive_attributes": [],
          "private": "eyJlMmJmYjczMC1lY2FhLTExZTYtOGY4OC0zNDM2M2JjN2M0YzAiOnsiZGVsZXRlIjoxODAwMDAwMDAwMDAsInJlYWQiOjkwMDAwMDAwMDAwMCwidXBkYXRlIjozMDAwMDAwMDAwMDB9fQ==",
          "dependencies": [
            "aws_instance.webserver",
            "aws_key_pair.generated_key",
            "aws_security_group.sg_allow_ssh",
            "aws_security_group.sg_allow_web",
            "aws_subnet.public"
          ]
        },
        {
          "index_key": 1,
          "schema_version": 0,
          "attributes": {
            "address": null,
            "allocation_id": null,
            "associate_with_private_ip": null,
            "association_id": "eipassoc-036a8a9686805ffe5",
            "carrier_ip": "",
            "customer_owned_ip": "",
            "customer_owned_ipv4_pool": "",
            "domain": "vpc",
            "id": "eipalloc-dc798ad1",
            "instance": "i-018d0df43524a2efd",
            "network_border_group": "eu-central-1",
            "network_interface": "eni-0cffa2ba4f9fc2924",
            "private_dns": "ip-192-168-1-115.eu-central-1.compute.internal",
            "private_ip": "192.168.1.115",
            "public_dns": "ec2-3-70-73-39.eu-central-1.compute.amazonaws.com",
            "public_ip": "3.70.73.39",
            "public_ipv4_pool": "amazon",
            "tags": {
              "Name": "Main Iep 2"
            },
            "tags_all": {
              "Name": "Main Iep 2"
            },
            "timeouts": null,
            "vpc": true
          },
          "sensitive_attributes": [],
          "private": "eyJlMmJmYjczMC1lY2FhLTExZTYtOGY4OC0zNDM2M2JjN2M0YzAiOnsiZGVsZXRlIjoxODAwMDAwMDAwMDAsInJlYWQiOjkwMDAwMDAwMDAwMCwidXBkYXRlIjozMDAwMDAwMDAwMDB9fQ==",
          "dependencies": [
            "aws_instance.webserver",
            "aws_key_pair.generated_key",
            "aws_security_group.sg_allow_ssh",
            "aws_security_group.sg_allow_web",
            "aws_subnet.public"
          ]
        }
      ]
    },
    {
      "mode": "managed",
      "type": "aws_instance",
      "name": "webserver",
      "provider": "provider[\"registry.terraform.io/hashicorp/aws\"]",
      "instances": [
        {
          "index_key": 0,
          "schema_version": 1,
          "attributes": {
            "ami": "ami-07df274a488ca9195",
            "arn": "arn:aws:ec2:eu-central-1:638238370001:instance/i-03929c135bd6ee1d9",
            "associate_public_ip_address": true,
            "availability_zone": "eu-central-1a",
            "capacity_reservation_specification": [
              {
                "capacity_reservation_preference": "open",
                "capacity_reservation_target": []
              }
            ],
            "cpu_core_count": 1,
            "cpu_threads_per_core": 1,
            "credit_specification": [
              {
                "cpu_credits": "standard"
              }
            ],
            "disable_api_termination": false,
            "ebs_block_device": [],
            "ebs_optimized": false,
            "enclave_options": [
              {
                "enabled": false
              }
            ],
            "ephemeral_block_device": [],
            "get_password_data": false,
            "hibernation": false,
            "host_id": null,
            "iam_instance_profile": "",
            "id": "i-03929c135bd6ee1d9",
            "instance_initiated_shutdown_behavior": "stop",
            "instance_state": "running",
            "instance_type": "t2.micro",
            "ipv6_address_count": 0,
            "ipv6_addresses": [],
            "key_name": "main_key",
            "launch_template": [],
            "metadata_options": [
              {
                "http_endpoint": "enabled",
                "http_put_response_hop_limit": 1,
                "http_tokens": "optional"
              }
            ],
            "monitoring": false,
            "network_interface": [],
            "outpost_arn": "",
            "password_data": "",
            "placement_group": "",
            "primary_network_interface_id": "eni-0058c1ac12ad76339",
            "private_dns": "ip-192-168-1-162.eu-central-1.compute.internal",
            "private_ip": "192.168.1.162",
            "public_dns": "ec2-18-194-244-129.eu-central-1.compute.amazonaws.com",
            "public_ip": "18.194.244.129",
            "root_block_device": [
              {
                "delete_on_termination": true,
                "device_name": "/dev/xvda",
                "encrypted": false,
                "iops": 100,
                "kms_key_id": "",
                "tags": {},
                "throughput": 0,
                "volume_id": "vol-0468b7f753dfd05cc",
                "volume_size": 8,
                "volume_type": "gp2"
              }
            ],
            "secondary_private_ips": [],
            "security_groups": [],
            "source_dest_check": true,
            "subnet_id": "subnet-040cf58a5e6fc9b6c",
            "tags": {
              "Name": "Web Server 1"
            },
            "tags_all": {
              "Name": "Web Server 1"
            },
            "tenancy": "default",
            "timeouts": null,
            "user_data": "c1409c7d6d666b0df02272d2740be8359b68ba9a",
            "user_data_base64": null,
            "volume_tags": null,
            "vpc_security_group_ids": [
              "sg-04f1844dd894103d5",
              "sg-072dbfe9328be48ac"
            ]
          },
          "sensitive_attributes": [],
          "private": "eyJlMmJmYjczMC1lY2FhLTExZTYtOGY4OC0zNDM2M2JjN2M0YzAiOnsiY3JlYXRlIjo2MDAwMDAwMDAwMDAsImRlbGV0ZSI6MTIwMDAwMDAwMDAwMCwidXBkYXRlIjo2MDAwMDAwMDAwMDB9LCJzY2hlbWFfdmVyc2lvbiI6IjEifQ==",
          "dependencies": [
            "aws_key_pair.generated_key",
            "aws_security_group.sg_allow_ssh",
            "aws_security_group.sg_allow_web",
            "aws_subnet.public"
          ]
        },
        {
          "index_key": 1,
          "schema_version": 1,
          "attributes": {
            "ami": "ami-07df274a488ca9195",
            "arn": "arn:aws:ec2:eu-central-1:638238370001:instance/i-018d0df43524a2efd",
            "associate_public_ip_address": true,
            "availability_zone": "eu-central-1a",
            "capacity_reservation_specification": [
              {
                "capacity_reservation_preference": "open",
                "capacity_reservation_target": []
              }
            ],
            "cpu_core_count": 1,
            "cpu_threads_per_core": 1,
            "credit_specification": [
              {
                "cpu_credits": "standard"
              }
            ],
            "disable_api_termination": false,
            "ebs_block_device": [],
            "ebs_optimized": false,
            "enclave_options": [
              {
                "enabled": false
              }
            ],
            "ephemeral_block_device": [],
            "get_password_data": false,
            "hibernation": false,
            "host_id": null,
            "iam_instance_profile": "",
            "id": "i-018d0df43524a2efd",
            "instance_initiated_shutdown_behavior": "stop",
            "instance_state": "running",
            "instance_type": "t2.micro",
            "ipv6_address_count": 0,
            "ipv6_addresses": [],
            "key_name": "main_key",
            "launch_template": [],
            "metadata_options": [
              {
                "http_endpoint": "enabled",
                "http_put_response_hop_limit": 1,
                "http_tokens": "optional"
              }
            ],
            "monitoring": false,
            "network_interface": [],
            "outpost_arn": "",
            "password_data": "",
            "placement_group": "",
            "primary_network_interface_id": "eni-0cffa2ba4f9fc2924",
            "private_dns": "ip-192-168-1-115.eu-central-1.compute.internal",
            "private_ip": "192.168.1.115",
            "public_dns": "ec2-18-193-84-84.eu-central-1.compute.amazonaws.com",
            "public_ip": "18.193.84.84",
            "root_block_device": [
              {
                "delete_on_termination": true,
                "device_name": "/dev/xvda",
                "encrypted": false,
                "iops": 100,
                "kms_key_id": "",
                "tags": {},
                "throughput": 0,
                "volume_id": "vol-0cb002938bd915bea",
                "volume_size": 8,
                "volume_type": "gp2"
              }
            ],
            "secondary_private_ips": [],
            "security_groups": [],
            "source_dest_check": true,
            "subnet_id": "subnet-040cf58a5e6fc9b6c",
            "tags": {
              "Name": "Web Server 2"
            },
            "tags_all": {
              "Name": "Web Server 2"
            },
            "tenancy": "default",
            "timeouts": null,
            "user_data": "c1409c7d6d666b0df02272d2740be8359b68ba9a",
            "user_data_base64": null,
            "volume_tags": null,
            "vpc_security_group_ids": [
              "sg-04f1844dd894103d5",
              "sg-072dbfe9328be48ac"
            ]
          },
          "sensitive_attributes": [],
          "private": "eyJlMmJmYjczMC1lY2FhLTExZTYtOGY4OC0zNDM2M2JjN2M0YzAiOnsiY3JlYXRlIjo2MDAwMDAwMDAwMDAsImRlbGV0ZSI6MTIwMDAwMDAwMDAwMCwidXBkYXRlIjo2MDAwMDAwMDAwMDB9LCJzY2hlbWFfdmVyc2lvbiI6IjEifQ==",
          "dependencies": [
            "aws_key_pair.generated_key",
            "aws_security_group.sg_allow_ssh",
            "aws_security_group.sg_allow_web",
            "aws_subnet.public"
          ]
        }
      ]
    },
    {
      "mode": "managed",
      "type": "aws_internet_gateway",
      "name": "main_gw",
      "provider": "provider[\"registry.terraform.io/hashicorp/aws\"]",
      "instances": [
        {
          "schema_version": 0,
          "attributes": {
            "arn": "arn:aws:ec2:eu-central-1:638238370001:internet-gateway/igw-055f964210aa0cfba",
            "id": "igw-055f964210aa0cfba",
            "owner_id": "638238370001",
            "tags": {
              "Name": "Main_gw"
            },
            "tags_all": {
              "Name": "Main_gw"
            },
            "vpc_id": "vpc-0d1b386c7f38ec34f"
          },
          "sensitive_attributes": [],
          "private": "bnVsbA==",
          "dependencies": [
            "aws_vpc.main"
          ]
        }
      ]
    },
    {
      "mode": "managed",
      "type": "aws_key_pair",
      "name": "generated_key",
      "provider": "provider[\"registry.terraform.io/hashicorp/aws\"]",
      "instances": [
        {
          "schema_version": 1,
          "attributes": {
            "arn": "arn:aws:ec2:eu-central-1:638238370001:key-pair/main_key",
            "fingerprint": "ff:16:ea:94:21:6d:88:3e:2c:6a:fa:93:cd:80:1e:94",
            "id": "main_key",
            "key_name": "main_key",
            "key_name_prefix": null,
            "key_pair_id": "key-028e785c7ff5aec28",
            "public_key": "ssh-rsa AAAAB3NzaC1yc2EAAAADAQABAAACAQC3XmMH9VLPtrvNZ6fW2oQBO+4Etzmr25nlKUF9YJifxt6DtBMi5u6wWg3QoENkQZzlLVv4ppUDRbYDiSdBVQI/DRGOjbudCrLAXeYN6vbYK586YCC3RFJq8n9zI8vAbxQr8bd3ucoWRloO48mea6wvIPq2zJg+/1ZZ9uSfDHDOdSU5/2ecM3sp5Ou4i8NeCSimXYCxpMkuQrcBO7jHc7slU+VKJ2iqUBqOKVMXTQh3wWPXe6mpZZU8URF8PeDW3lCQvFvXrSlMknb/+lyU6iPB1NvPB2iqJg8/Vapxke/dV2d3YCt/uN03NMJoEfQmjg0FvlJAYZssK4dhNgDHblybbGNVOwA1W2BVItxz2cvilN7F+6fEslc2NyaRv8/yK+uGAr2uUUDGPPuPr7eclEx1rc5UxWJGJjQHVyJamyprlQUmhLmiIXRBinXe9NVeQyd1OuhQ5J5rUrIYAxlXSQFaSUF2ugZ9FoGlUK0zRnji9rRz8RaM593o1W8AkcwrB9dowXwmwhfG4SAYaBo6kR4AaMLtDPq+olqoi6XhGHI7Qx0KuZnx1EbzeLBk04GbwzvQlGIU4HUMPn6I+rLss62HxvZjSuMyz8v0GRHPESLvYFYJ6M8YPxWhqwNo71mZAik2Mn2JodCmGxY4QRBt4E+5Znd5cZ9Wayl6vx6YgdvpjQ==",
            "tags": {},
            "tags_all": {}
          },
          "sensitive_attributes": [],
          "private": "eyJzY2hlbWFfdmVyc2lvbiI6IjEifQ==",
          "dependencies": [
            "tls_private_key.RSA"
          ]
        }
      ]
    },
    {
      "mode": "managed",
      "type": "aws_route_table",
      "name": "rt",
      "provider": "provider[\"registry.terraform.io/hashicorp/aws\"]",
      "instances": [
        {
          "schema_version": 0,
          "attributes": {
            "arn": "arn:aws:ec2:eu-central-1:638238370001:route-table/rtb-05b60d17542b2a9a6",
            "id": "rtb-05b60d17542b2a9a6",
            "owner_id": "638238370001",
            "propagating_vgws": [],
            "route": [
              {
                "carrier_gateway_id": "",
                "cidr_block": "0.0.0.0/0",
                "destination_prefix_list_id": "",
                "egress_only_gateway_id": "",
                "gateway_id": "igw-055f964210aa0cfba",
                "instance_id": "",
                "ipv6_cidr_block": "",
                "local_gateway_id": "",
                "nat_gateway_id": "",
                "network_interface_id": "",
                "transit_gateway_id": "",
                "vpc_endpoint_id": "",
                "vpc_peering_connection_id": ""
              }
            ],
            "tags": {
              "Name": "main_rt"
            },
            "tags_all": {
              "Name": "main_rt"
            },
            "vpc_id": "vpc-0d1b386c7f38ec34f"
          },
          "sensitive_attributes": [],
          "private": "bnVsbA==",
          "dependencies": [
            "aws_internet_gateway.main_gw",
            "aws_vpc.main"
          ]
        }
      ]
    },
    {
      "mode": "managed",
      "type": "aws_route_table_association",
      "name": "public",
      "provider": "provider[\"registry.terraform.io/hashicorp/aws\"]",
      "instances": [
        {
          "schema_version": 0,
          "attributes": {
            "gateway_id": "",
            "id": "rtbassoc-0d44c7da2bbff5f7e",
            "route_table_id": "rtb-05b60d17542b2a9a6",
            "subnet_id": "subnet-040cf58a5e6fc9b6c"
          },
          "sensitive_attributes": [],
          "private": "bnVsbA==",
          "dependencies": [
            "aws_internet_gateway.main_gw",
            "aws_route_table.rt",
            "aws_subnet.public",
            "aws_vpc.main"
          ]
        }
      ]
    },
    {
      "mode": "managed",
      "type": "aws_security_group",
      "name": "sg_allow_ssh",
      "provider": "provider[\"registry.terraform.io/hashicorp/aws\"]",
      "instances": [
        {
          "schema_version": 1,
          "attributes": {
            "arn": "arn:aws:ec2:eu-central-1:638238370001:security-group/sg-04f1844dd894103d5",
            "description": "Allow ssh inbound traffic",
            "egress": [
              {
                "cidr_blocks": [
                  "0.0.0.0/0"
                ],
                "description": "Any output",
                "from_port": 0,
                "ipv6_cidr_blocks": [],
                "prefix_list_ids": [],
                "protocol": "-1",
                "security_groups": [],
                "self": false,
                "to_port": 0
              }
            ],
            "id": "sg-04f1844dd894103d5",
            "ingress": [
              {
                "cidr_blocks": [
                  "0.0.0.0/0"
                ],
                "description": "SSH from VPC",
                "from_port": 22,
                "ipv6_cidr_blocks": [],
                "prefix_list_ids": [],
                "protocol": "tcp",
                "security_groups": [],
                "self": false,
                "to_port": 22
              }
            ],
            "name": "ssh",
            "name_prefix": "",
            "owner_id": "638238370001",
            "revoke_rules_on_delete": false,
            "tags": {
              "Name": "allow_ssh"
            },
            "tags_all": {
              "Name": "allow_ssh"
            },
            "timeouts": null,
            "vpc_id": "vpc-0d1b386c7f38ec34f"
          },
          "sensitive_attributes": [],
          "private": "eyJlMmJmYjczMC1lY2FhLTExZTYtOGY4OC0zNDM2M2JjN2M0YzAiOnsiY3JlYXRlIjo2MDAwMDAwMDAwMDAsImRlbGV0ZSI6OTAwMDAwMDAwMDAwfSwic2NoZW1hX3ZlcnNpb24iOiIxIn0=",
          "dependencies": [
            "aws_vpc.main"
          ]
        }
      ]
    },
    {
      "mode": "managed",
      "type": "aws_security_group",
      "name": "sg_allow_web",
      "provider": "provider[\"registry.terraform.io/hashicorp/aws\"]",
      "instances": [
        {
          "schema_version": 1,
          "attributes": {
            "arn": "arn:aws:ec2:eu-central-1:638238370001:security-group/sg-072dbfe9328be48ac",
            "description": "Allow HTTP inbound traffic",
            "egress": [
              {
                "cidr_blocks": [
                  "0.0.0.0/0"
                ],
                "description": "Any output",
                "from_port": 0,
                "ipv6_cidr_blocks": [],
                "prefix_list_ids": [],
                "protocol": "-1",
                "security_groups": [],
                "self": false,
                "to_port": 0
              }
            ],
            "id": "sg-072dbfe9328be48ac",
            "ingress": [
              {
                "cidr_blocks": [
                  "0.0.0.0/0"
                ],
                "description": "HTTP from VPC",
                "from_port": 80,
                "ipv6_cidr_blocks": [],
                "prefix_list_ids": [],
                "protocol": "tcp",
                "security_groups": [],
                "self": false,
                "to_port": 80
              }
            ],
            "name": "allow_http",
            "name_prefix": "",
            "owner_id": "638238370001",
            "revoke_rules_on_delete": false,
            "tags": {
              "Name": "allow_http/https"
            },
            "tags_all": {
              "Name": "allow_http/https"
            },
            "timeouts": null,
            "vpc_id": "vpc-0d1b386c7f38ec34f"
          },
          "sensitive_attributes": [],
          "private": "eyJlMmJmYjczMC1lY2FhLTExZTYtOGY4OC0zNDM2M2JjN2M0YzAiOnsiY3JlYXRlIjo2MDAwMDAwMDAwMDAsImRlbGV0ZSI6OTAwMDAwMDAwMDAwfSwic2NoZW1hX3ZlcnNpb24iOiIxIn0=",
          "dependencies": [
            "aws_vpc.main"
          ]
        }
      ]
    },
    {
      "mode": "managed",
      "type": "aws_subnet",
      "name": "public",
      "provider": "provider[\"registry.terraform.io/hashicorp/aws\"]",
      "instances": [
        {
          "schema_version": 1,
          "attributes": {
            "arn": "arn:aws:ec2:eu-central-1:638238370001:subnet/subnet-040cf58a5e6fc9b6c",
            "assign_ipv6_address_on_creation": false,
            "availability_zone": "eu-central-1a",
            "availability_zone_id": "euc1-az2",
            "cidr_block": "192.168.1.0/24",
            "customer_owned_ipv4_pool": "",
            "id": "subnet-040cf58a5e6fc9b6c",
            "ipv6_cidr_block": "",
            "ipv6_cidr_block_association_id": "",
            "map_customer_owned_ip_on_launch": false,
            "map_public_ip_on_launch": false,
            "outpost_arn": "",
            "owner_id": "638238370001",
            "tags": {
              "Name": "192.168.1.0/24"
            },
            "tags_all": {
              "Name": "192.168.1.0/24"
            },
            "timeouts": null,
            "vpc_id": "vpc-0d1b386c7f38ec34f"
          },
          "sensitive_attributes": [],
          "private": "eyJlMmJmYjczMC1lY2FhLTExZTYtOGY4OC0zNDM2M2JjN2M0YzAiOnsiY3JlYXRlIjo2MDAwMDAwMDAwMDAsImRlbGV0ZSI6MTIwMDAwMDAwMDAwMH0sInNjaGVtYV92ZXJzaW9uIjoiMSJ9",
          "dependencies": [
            "aws_vpc.main"
          ]
        }
      ]
    },
    {
      "mode": "managed",
      "type": "aws_vpc",
      "name": "main",
      "provider": "provider[\"registry.terraform.io/hashicorp/aws\"]",
      "instances": [
        {
          "schema_version": 1,
          "attributes": {
            "arn": "arn:aws:ec2:eu-central-1:638238370001:vpc/vpc-0d1b386c7f38ec34f",
            "assign_generated_ipv6_cidr_block": false,
            "cidr_block": "192.168.1.0/24",
            "default_network_acl_id": "acl-015998d1e6dc14a9b",
            "default_route_table_id": "rtb-028cfd2a1a7c83e53",
            "default_security_group_id": "sg-0d1dec578505440d5",
            "dhcp_options_id": "dopt-c6a8c7ac",
            "enable_classiclink": null,
            "enable_classiclink_dns_support": null,
            "enable_dns_hostnames": true,
            "enable_dns_support": true,
            "id": "vpc-0d1b386c7f38ec34f",
            "instance_tenancy": "default",
            "ipv6_association_id": "",
            "ipv6_cidr_block": "",
            "main_route_table_id": "rtb-028cfd2a1a7c83e53",
            "owner_id": "638238370001",
            "tags": {
              "Name": "mainvpc"
            },
            "tags_all": {
              "Name": "mainvpc"
            }
          },
          "sensitive_attributes": [],
          "private": "eyJzY2hlbWFfdmVyc2lvbiI6IjEifQ=="
        }
      ]
    },
    {
      "mode": "managed",
      "type": "local_file",
      "name": "pem_file",
      "provider": "provider[\"registry.terraform.io/hashicorp/local\"]",
      "instances": [
        {
          "schema_version": 0,
          "attributes": {
            "content": null,
            "content_base64": null,
            "directory_permission": "700",
            "file_permission": "600",
            "filename": "C:\\Users\\xutpb\\.ssh\\main_key.pem",
            "id": "3065e82b041932249a12b03599750a406331d021",
            "sensitive_content": "-----BEGIN RSA PRIVATE KEY-----\nMIIJKAIBAAKCAgEAt15jB/VSz7a7zWen1tqEATvuBLc5q9uZ5SlBfWCYn8beg7QT\nIubusFoN0KBDZEGc5S1b+KaVA0W2A4knQVUCPw0Rjo27nQqywF3mDer22CufOmAg\nt0RSavJ/cyPLwG8UK/G3d7nKFkZaDuPJnmusLyD6tsyYPv9WWfbknwxwznUlOf9n\nnDN7KeTruIvDXgkopl2AsaTJLkK3ATu4x3O7JVPlSidoqlAajilTF00Id8Fj13up\nqWWVPFERfD3g1t5QkLxb160pTJJ2//pclOojwdTbzwdoqiYPP1WqcZHv3Vdnd2Ar\nf7jdNzTCaBH0Jo4NBb5SQGGbLCuHYTYAx25cm2xjVTsANVtgVSLcc9nL4pTexfun\nxLJXNjcmkb/P8ivrhgK9rlFAxjz7j6+3nJRMda3OVMViRiY0B1ciWpsqa5UFJoS5\noiF0QYp13vTVXkMndTroUOSea1KyGAMZV0kBWklBdroGfRaBpVCtM0Z44va0c/EW\njOfd6NVvAJHMKwfXaMF8JsIXxuEgGGgaOpEeAGjC7Qz6vqJaqIul4RhyO0MdCrmZ\n8dRG83iwZNOBm8M70JRiFOB1DD5+iPqy7LOth8b2Y0rjMs/L9BkRzxEi72BWCejP\nGD8VoasDaO9ZmQIpNjJ9iaHQphsWOEEQbeBPuWZ3eXGfVmsper8emIHb6Y0CAwEA\nAQKCAgBf4q1qVfBtyaI+8LslcLKiapI2SRGROo4o9P/X7hEhS77DpAB1uciK0yxy\nMbvLyzud47A6P/Gf+m4JP0kVsrwv+Ed8AcVfg16hlPhdwsY9l+H1hprU+pcWcaQP\ns2IySGOF7yn/I1n3d+ZT7u1ZN/ib1GUF/cqG9sJS3PYD7V93tm42+8VUOt9mstxI\nbl1E6QkmpbJMMl05IY3MyUwAkBYGmO5HboAevzCDsjxO7OtGpAvvfCzl9cap+cJo\n83qFIU+Dv9tO1q/H6LbteB+9hwoXq5Udl0Q15R0IA2XTaXrChZgHJnTYnvSej6ow\n/WJsXs+Ud0dPfzrDSCfMv458ussVYFb6B6J73W2mbL6IEJFglI9/XGW9g+T8QbPv\nQ4X3QBE1XpN5Qo6T3InACV5LqtiSlgFWt5X9Sw63H2xi0ItVX0sUddj8WrPQEff9\nK8qYd1vkhBMcM/ZFjUj2H18+aX467ylMRCE0UGc6eR1nbxDBhe6os8gn4KAWh3Fu\nk/c0pcM/spPyJy5OcvyWOxt505gPPsFjAmk5OxjsI5eV0QXN9HIwHe/FFWCyLKgG\nSD4N8hGXJ3ckIxpehzZ09HMGLbKXfe+mV0H2WEWFPIjRbsklQUn7tDaAx78hfA5m\nozOgSkfbPM1xM7BjQJrtyEVILov9QWNB5W5YUcrYHEtUGDEVQQKCAQEA0yFKZnbV\nwxEvOrWbQ9hKHJP2SQymN/hYt6PGv2iSouKTnp6yury8zbY6DnHVKfpAlj3lEnlt\nIF1MHEw4y4C4Eu9o3Sui57uiEjjUfodp1n9uNIApSt+ioVA1e+grxil8znKPLAFc\nXDTQH9iGTmSImaWlPcld+iPN8zFbEKaix50cCPBGZ+d/346Q3DRCUNBp5Z+iraAm\nJh5JFBIQuLYVgmnjVFaERD7V7DF57cvSpjDIwYzJ6N0RAB2tGNSDeEp+qD7ASrNb\nJI1Oswg4GZe0MSmEN5Cqej/8e0HIiv+fn0AyuSjuCdFk8CfmN5A3OviR8dgTaADC\nzpdIiKMIPRSOdQKCAQEA3la3fURl+Z5B5twYIhCSKmS/gNjOxl4WU00uLbVLnqo3\nIeovdcSik/8n+reKa8S+OUE/euDsQghgUVrfsaWfh0fd8sCz0yAut7+rVvJibeid\nYhzLWhTjSiv4Xj7qoqVk30d53kSH2QkWYxr65L7Yjt32ll7zIdatTRA6avJ2TO17\nN00yZTYEZKTeL9bQO79GxTp+j16xIlrEVuAaWmtIrlZXXhfLhx0zCaIcED4GEYcV\nrh95S3qgcLv+JfdfFQtq4nR+VKvdJnUXfw/Vv6ImLNWA0gVlCr2FydICvwV9wc8k\nCeL5BWwKu7MvMAnecLhIHpQMpTRmCwPgb8wiDvw7uQKCAQBL6ZBivx+k/6zHozys\nbDxZginvogix3y2m+dAgSm1O+8CwK8d/tRT9siO1xeArM7u9SYvv1JEULfeLxSw2\nn5WP2V0PCP2N7L0daCmfRPkdEryBTAOM1FQZREm2v4fdvFUPtckcvXCEBsk+ahAA\nZ81l0VVUne6YXf9TDc/8cK3er/LAlAP8oBQuQYh8ZJ3jiMxKr9dCLm8JDaKhAM3a\nXD3nokMGtATitOUeA7wfcEXRU4Ebdo+ylqniLMlsQBz1R3O68rUZJtwCjHxbiv0A\n1rcHZjIP+IgTZKZXexOsRrUSAXc7dCgCh7OPVglEuSninjV7i4GOx5dDyMlft57i\nt11xAoIBAQDUWdw7/xSqOPVWScWe21bOuJSSuf+bRAdsnh1JuIq1ynqHoMSdZSWl\n1h/X/G5vCWRpCKFZefMMCjX73aAiaj4YFZKspFHbhjQ4eQ5rJ2rM8EtIhpnNun9u\nutonIU4182OJQRnrKGba6iwAkacozAHHScWWzq7GFeRE4wf4VwSX6oUxR0Cnm9TM\nTw6KgE83kTNFcd2ojtb9KdW156ojy62KHJqrGmzf6gpx2+uTs7lWCj+xowvVBBSy\nN0q/9ihQ0CvQh1SVB+RbM6AyUexjb7moPm4fqNldTa+3FyZaTSNT9MPF0YrnG86Q\ngM3Dwtk5rTfsRJhjPM1tHdHA1SV+THe5AoIBAEJDDm0+eD9/vpng0Xb0XrrEYQs1\nNS/qIQxtpar/9LWxM0L93bAu78mwp7I9UlWBlfsU1t9OzMI2ihD2QhQU0CCIcG9r\n2Ab67Pgu/1wu+u4/C7VUK8JIleLPSOqC0aWOvjH92PrCpu3CmP9+OqZ1mSDHeC1J\nOUDKlP+oQ1ySz/SmEztZzeFYKTkiJ8ua2bNZhZqsvx747wXR4+N0m6IyeuVrOFHS\nJsUkDow5LLMDva0YpybfyBQNI5wKt8aXPXge9OkyKHQ5QJShNqAZ7tZ0dkW7vscW\n9HA2GSdoY5I7qN1mEEjNBf6v69siHd8kC8jJOskHc/SpscJGJ9cEC75xtDU=\n-----END RSA PRIVATE KEY-----\n",
            "source": null
          },
          "sensitive_attributes": [
            [
              {
                "type": "get_attr",
                "value": "sensitive_content"
              }
            ]
          ],
          "private": "bnVsbA==",
          "dependencies": [
            "aws_key_pair.generated_key",
            "tls_private_key.RSA"
          ]
        }
      ]
    },
    {
      "mode": "managed",
      "type": "tls_private_key",
      "name": "RSA",
      "provider": "provider[\"registry.terraform.io/hashicorp/tls\"]",
      "instances": [
        {
          "schema_version": 0,
          "attributes": {
            "algorithm": "RSA",
            "ecdsa_curve": "P224",
            "id": "df2b968a0af91ff197c1bc217be05cfdc22e6f94",
            "private_key_pem": "-----BEGIN RSA PRIVATE KEY-----\nMIIJKAIBAAKCAgEAt15jB/VSz7a7zWen1tqEATvuBLc5q9uZ5SlBfWCYn8beg7QT\nIubusFoN0KBDZEGc5S1b+KaVA0W2A4knQVUCPw0Rjo27nQqywF3mDer22CufOmAg\nt0RSavJ/cyPLwG8UK/G3d7nKFkZaDuPJnmusLyD6tsyYPv9WWfbknwxwznUlOf9n\nnDN7KeTruIvDXgkopl2AsaTJLkK3ATu4x3O7JVPlSidoqlAajilTF00Id8Fj13up\nqWWVPFERfD3g1t5QkLxb160pTJJ2//pclOojwdTbzwdoqiYPP1WqcZHv3Vdnd2Ar\nf7jdNzTCaBH0Jo4NBb5SQGGbLCuHYTYAx25cm2xjVTsANVtgVSLcc9nL4pTexfun\nxLJXNjcmkb/P8ivrhgK9rlFAxjz7j6+3nJRMda3OVMViRiY0B1ciWpsqa5UFJoS5\noiF0QYp13vTVXkMndTroUOSea1KyGAMZV0kBWklBdroGfRaBpVCtM0Z44va0c/EW\njOfd6NVvAJHMKwfXaMF8JsIXxuEgGGgaOpEeAGjC7Qz6vqJaqIul4RhyO0MdCrmZ\n8dRG83iwZNOBm8M70JRiFOB1DD5+iPqy7LOth8b2Y0rjMs/L9BkRzxEi72BWCejP\nGD8VoasDaO9ZmQIpNjJ9iaHQphsWOEEQbeBPuWZ3eXGfVmsper8emIHb6Y0CAwEA\nAQKCAgBf4q1qVfBtyaI+8LslcLKiapI2SRGROo4o9P/X7hEhS77DpAB1uciK0yxy\nMbvLyzud47A6P/Gf+m4JP0kVsrwv+Ed8AcVfg16hlPhdwsY9l+H1hprU+pcWcaQP\ns2IySGOF7yn/I1n3d+ZT7u1ZN/ib1GUF/cqG9sJS3PYD7V93tm42+8VUOt9mstxI\nbl1E6QkmpbJMMl05IY3MyUwAkBYGmO5HboAevzCDsjxO7OtGpAvvfCzl9cap+cJo\n83qFIU+Dv9tO1q/H6LbteB+9hwoXq5Udl0Q15R0IA2XTaXrChZgHJnTYnvSej6ow\n/WJsXs+Ud0dPfzrDSCfMv458ussVYFb6B6J73W2mbL6IEJFglI9/XGW9g+T8QbPv\nQ4X3QBE1XpN5Qo6T3InACV5LqtiSlgFWt5X9Sw63H2xi0ItVX0sUddj8WrPQEff9\nK8qYd1vkhBMcM/ZFjUj2H18+aX467ylMRCE0UGc6eR1nbxDBhe6os8gn4KAWh3Fu\nk/c0pcM/spPyJy5OcvyWOxt505gPPsFjAmk5OxjsI5eV0QXN9HIwHe/FFWCyLKgG\nSD4N8hGXJ3ckIxpehzZ09HMGLbKXfe+mV0H2WEWFPIjRbsklQUn7tDaAx78hfA5m\nozOgSkfbPM1xM7BjQJrtyEVILov9QWNB5W5YUcrYHEtUGDEVQQKCAQEA0yFKZnbV\nwxEvOrWbQ9hKHJP2SQymN/hYt6PGv2iSouKTnp6yury8zbY6DnHVKfpAlj3lEnlt\nIF1MHEw4y4C4Eu9o3Sui57uiEjjUfodp1n9uNIApSt+ioVA1e+grxil8znKPLAFc\nXDTQH9iGTmSImaWlPcld+iPN8zFbEKaix50cCPBGZ+d/346Q3DRCUNBp5Z+iraAm\nJh5JFBIQuLYVgmnjVFaERD7V7DF57cvSpjDIwYzJ6N0RAB2tGNSDeEp+qD7ASrNb\nJI1Oswg4GZe0MSmEN5Cqej/8e0HIiv+fn0AyuSjuCdFk8CfmN5A3OviR8dgTaADC\nzpdIiKMIPRSOdQKCAQEA3la3fURl+Z5B5twYIhCSKmS/gNjOxl4WU00uLbVLnqo3\nIeovdcSik/8n+reKa8S+OUE/euDsQghgUVrfsaWfh0fd8sCz0yAut7+rVvJibeid\nYhzLWhTjSiv4Xj7qoqVk30d53kSH2QkWYxr65L7Yjt32ll7zIdatTRA6avJ2TO17\nN00yZTYEZKTeL9bQO79GxTp+j16xIlrEVuAaWmtIrlZXXhfLhx0zCaIcED4GEYcV\nrh95S3qgcLv+JfdfFQtq4nR+VKvdJnUXfw/Vv6ImLNWA0gVlCr2FydICvwV9wc8k\nCeL5BWwKu7MvMAnecLhIHpQMpTRmCwPgb8wiDvw7uQKCAQBL6ZBivx+k/6zHozys\nbDxZginvogix3y2m+dAgSm1O+8CwK8d/tRT9siO1xeArM7u9SYvv1JEULfeLxSw2\nn5WP2V0PCP2N7L0daCmfRPkdEryBTAOM1FQZREm2v4fdvFUPtckcvXCEBsk+ahAA\nZ81l0VVUne6YXf9TDc/8cK3er/LAlAP8oBQuQYh8ZJ3jiMxKr9dCLm8JDaKhAM3a\nXD3nokMGtATitOUeA7wfcEXRU4Ebdo+ylqniLMlsQBz1R3O68rUZJtwCjHxbiv0A\n1rcHZjIP+IgTZKZXexOsRrUSAXc7dCgCh7OPVglEuSninjV7i4GOx5dDyMlft57i\nt11xAoIBAQDUWdw7/xSqOPVWScWe21bOuJSSuf+bRAdsnh1JuIq1ynqHoMSdZSWl\n1h/X/G5vCWRpCKFZefMMCjX73aAiaj4YFZKspFHbhjQ4eQ5rJ2rM8EtIhpnNun9u\nutonIU4182OJQRnrKGba6iwAkacozAHHScWWzq7GFeRE4wf4VwSX6oUxR0Cnm9TM\nTw6KgE83kTNFcd2ojtb9KdW156ojy62KHJqrGmzf6gpx2+uTs7lWCj+xowvVBBSy\nN0q/9ihQ0CvQh1SVB+RbM6AyUexjb7moPm4fqNldTa+3FyZaTSNT9MPF0YrnG86Q\ngM3Dwtk5rTfsRJhjPM1tHdHA1SV+THe5AoIBAEJDDm0+eD9/vpng0Xb0XrrEYQs1\nNS/qIQxtpar/9LWxM0L93bAu78mwp7I9UlWBlfsU1t9OzMI2ihD2QhQU0CCIcG9r\n2Ab67Pgu/1wu+u4/C7VUK8JIleLPSOqC0aWOvjH92PrCpu3CmP9+OqZ1mSDHeC1J\nOUDKlP+oQ1ySz/SmEztZzeFYKTkiJ8ua2bNZhZqsvx747wXR4+N0m6IyeuVrOFHS\nJsUkDow5LLMDva0YpybfyBQNI5wKt8aXPXge9OkyKHQ5QJShNqAZ7tZ0dkW7vscW\n9HA2GSdoY5I7qN1mEEjNBf6v69siHd8kC8jJOskHc/SpscJGJ9cEC75xtDU=\n-----END RSA PRIVATE KEY-----\n",
            "public_key_fingerprint_md5": "32:69:5f:cf:81:7e:a2:74:85:f2:6f:71:c6:04:7a:a5",
            "public_key_openssh": "ssh-rsa AAAAB3NzaC1yc2EAAAADAQABAAACAQC3XmMH9VLPtrvNZ6fW2oQBO+4Etzmr25nlKUF9YJifxt6DtBMi5u6wWg3QoENkQZzlLVv4ppUDRbYDiSdBVQI/DRGOjbudCrLAXeYN6vbYK586YCC3RFJq8n9zI8vAbxQr8bd3ucoWRloO48mea6wvIPq2zJg+/1ZZ9uSfDHDOdSU5/2ecM3sp5Ou4i8NeCSimXYCxpMkuQrcBO7jHc7slU+VKJ2iqUBqOKVMXTQh3wWPXe6mpZZU8URF8PeDW3lCQvFvXrSlMknb/+lyU6iPB1NvPB2iqJg8/Vapxke/dV2d3YCt/uN03NMJoEfQmjg0FvlJAYZssK4dhNgDHblybbGNVOwA1W2BVItxz2cvilN7F+6fEslc2NyaRv8/yK+uGAr2uUUDGPPuPr7eclEx1rc5UxWJGJjQHVyJamyprlQUmhLmiIXRBinXe9NVeQyd1OuhQ5J5rUrIYAxlXSQFaSUF2ugZ9FoGlUK0zRnji9rRz8RaM593o1W8AkcwrB9dowXwmwhfG4SAYaBo6kR4AaMLtDPq+olqoi6XhGHI7Qx0KuZnx1EbzeLBk04GbwzvQlGIU4HUMPn6I+rLss62HxvZjSuMyz8v0GRHPESLvYFYJ6M8YPxWhqwNo71mZAik2Mn2JodCmGxY4QRBt4E+5Znd5cZ9Wayl6vx6YgdvpjQ==\n",
            "public_key_pem": "-----BEGIN PUBLIC KEY-----\nMIICIjANBgkqhkiG9w0BAQEFAAOCAg8AMIICCgKCAgEAt15jB/VSz7a7zWen1tqE\nATvuBLc5q9uZ5SlBfWCYn8beg7QTIubusFoN0KBDZEGc5S1b+KaVA0W2A4knQVUC\nPw0Rjo27nQqywF3mDer22CufOmAgt0RSavJ/cyPLwG8UK/G3d7nKFkZaDuPJnmus\nLyD6tsyYPv9WWfbknwxwznUlOf9nnDN7KeTruIvDXgkopl2AsaTJLkK3ATu4x3O7\nJVPlSidoqlAajilTF00Id8Fj13upqWWVPFERfD3g1t5QkLxb160pTJJ2//pclOoj\nwdTbzwdoqiYPP1WqcZHv3Vdnd2Arf7jdNzTCaBH0Jo4NBb5SQGGbLCuHYTYAx25c\nm2xjVTsANVtgVSLcc9nL4pTexfunxLJXNjcmkb/P8ivrhgK9rlFAxjz7j6+3nJRM\nda3OVMViRiY0B1ciWpsqa5UFJoS5oiF0QYp13vTVXkMndTroUOSea1KyGAMZV0kB\nWklBdroGfRaBpVCtM0Z44va0c/EWjOfd6NVvAJHMKwfXaMF8JsIXxuEgGGgaOpEe\nAGjC7Qz6vqJaqIul4RhyO0MdCrmZ8dRG83iwZNOBm8M70JRiFOB1DD5+iPqy7LOt\nh8b2Y0rjMs/L9BkRzxEi72BWCejPGD8VoasDaO9ZmQIpNjJ9iaHQphsWOEEQbeBP\nuWZ3eXGfVmsper8emIHb6Y0CAwEAAQ==\n-----END PUBLIC KEY-----\n",
            "rsa_bits": 4096
          },
          "sensitive_attributes": [],
          "private": "bnVsbA=="
        }
      ]
    }
  ]
}
