{
  "version": 4,
  "terraform_version": "1.0.7",
  "serial": 552,
  "lineage": "ae5b3680-a4d4-2014-802b-cc29e98a4323",
  "outputs": {},
  "resources": [
    {
      "mode": "data",
      "type": "aws_availability_zones",
      "name": "available",
      "provider": "provider[\"registry.terraform.io/hashicorp/aws\"]",
      "instances": [
        {
          "schema_version": 0,
          "attributes": {
            "all_availability_zones": null,
            "exclude_names": null,
            "exclude_zone_ids": null,
            "filter": null,
            "group_names": [
              "eu-central-1"
            ],
            "id": "eu-central-1",
            "names": [
              "eu-central-1a",
              "eu-central-1b",
              "eu-central-1c"
            ],
            "state": "available",
            "zone_ids": [
              "euc1-az2",
              "euc1-az3",
              "euc1-az1"
            ]
          },
          "sensitive_attributes": []
        }
      ]
    },
    {
      "mode": "managed",
      "type": "aws_cloudwatch_metric_alarm",
      "name": "autorecovery",
      "provider": "provider[\"registry.terraform.io/hashicorp/aws\"]",
      "instances": [
        {
          "index_key": 0,
          "schema_version": 1,
          "attributes": {
            "actions_enabled": true,
            "alarm_actions": [
              "arn:aws:automate:eu-central-1:ec2:recover"
            ],
            "alarm_description": "This metric auto recovers EC2 instances",
            "alarm_name": "Instance state alarm Web Server 1",
            "arn": "arn:aws:cloudwatch:eu-central-1:638238370001:alarm:Instance state alarm Web Server 1",
            "comparison_operator": "GreaterThanThreshold",
            "datapoints_to_alarm": 0,
            "dimensions": {
              "InstanceId": "i-01e7a61062eb5bf9f"
            },
            "evaluate_low_sample_count_percentiles": "",
            "evaluation_periods": 2,
            "extended_statistic": "",
            "id": "Instance state alarm Web Server 1",
            "insufficient_data_actions": [],
            "metric_name": "StatusCheckFailed_System",
            "metric_query": [],
            "namespace": "AWS/EC2",
            "ok_actions": [],
            "period": 60,
            "statistic": "Minimum",
            "tags": {},
            "tags_all": {},
            "threshold": 0,
            "threshold_metric_id": "",
            "treat_missing_data": "missing",
            "unit": ""
          },
          "sensitive_attributes": [],
          "private": "eyJzY2hlbWFfdmVyc2lvbiI6IjEifQ==",
          "dependencies": [
            "aws_iam_role.s3_role",
            "aws_instance.webserver",
            "aws_security_group.sg_allow_web",
            "data.aws_availability_zones.available",
            "tls_private_key.RSA",
            "aws_iam_instance_profile.ec3_profile",
            "aws_key_pair.generated_key",
            "aws_security_group.sg_allow_ssh",
            "aws_subnet.public",
            "aws_vpc.main"
          ]
        },
        {
          "index_key": 1,
          "schema_version": 1,
          "attributes": {
            "actions_enabled": true,
            "alarm_actions": [
              "arn:aws:automate:eu-central-1:ec2:recover"
            ],
            "alarm_description": "This metric auto recovers EC2 instances",
            "alarm_name": "Instance state alarm Web Server 2",
            "arn": "arn:aws:cloudwatch:eu-central-1:638238370001:alarm:Instance state alarm Web Server 2",
            "comparison_operator": "GreaterThanThreshold",
            "datapoints_to_alarm": 0,
            "dimensions": {
              "InstanceId": "i-082b364986b27d98a"
            },
            "evaluate_low_sample_count_percentiles": "",
            "evaluation_periods": 2,
            "extended_statistic": "",
            "id": "Instance state alarm Web Server 2",
            "insufficient_data_actions": [],
            "metric_name": "StatusCheckFailed_System",
            "metric_query": [],
            "namespace": "AWS/EC2",
            "ok_actions": [],
            "period": 60,
            "statistic": "Minimum",
            "tags": {},
            "tags_all": {},
            "threshold": 0,
            "threshold_metric_id": "",
            "treat_missing_data": "missing",
            "unit": ""
          },
          "sensitive_attributes": [],
          "private": "eyJzY2hlbWFfdmVyc2lvbiI6IjEifQ==",
          "dependencies": [
            "aws_security_group.sg_allow_web",
            "aws_vpc.main",
            "data.aws_availability_zones.available",
            "tls_private_key.RSA",
            "aws_security_group.sg_allow_ssh",
            "aws_subnet.public",
            "aws_iam_instance_profile.ec3_profile",
            "aws_iam_role.s3_role",
            "aws_instance.webserver",
            "aws_key_pair.generated_key"
          ]
        }
      ]
    },
    {
      "mode": "managed",
      "type": "aws_cloudwatch_metric_alarm",
      "name": "nlb_healthyhosts",
      "provider": "provider[\"registry.terraform.io/hashicorp/aws\"]",
      "instances": [
        {
          "schema_version": 1,
          "attributes": {
            "actions_enabled": true,
            "alarm_actions": [
              "arn:aws:sns:eu-central-1:638238370001:nlb-failedhosts"
            ],
            "alarm_description": "Number of healthy nodes in Target Group",
            "alarm_name": "HealthyWebServers",
            "arn": "arn:aws:cloudwatch:eu-central-1:638238370001:alarm:HealthyWebServers",
            "comparison_operator": "LessThanThreshold",
            "datapoints_to_alarm": 0,
            "dimensions": {
              "LoadBalancer": "app/httplb/5d971bac72b184ca",
              "TargetGroup": "targetgroup/webserver-tg/d9423293827fbca8"
            },
            "evaluate_low_sample_count_percentiles": "",
            "evaluation_periods": 1,
            "extended_statistic": "",
            "id": "HealthyWebServers",
            "insufficient_data_actions": null,
            "metric_name": "HealthyHostCount",
            "metric_query": [],
            "namespace": "AWS/ApplicationELB",
            "ok_actions": null,
            "period": 60,
            "statistic": "Average",
            "tags": null,
            "tags_all": {},
            "threshold": 2,
            "threshold_metric_id": "",
            "treat_missing_data": "missing",
            "unit": ""
          },
          "sensitive_attributes": [],
          "private": "eyJzY2hlbWFfdmVyc2lvbiI6IjEifQ==",
          "dependencies": [
            "aws_lb.httplb",
            "aws_lb_target_group.web_tg",
            "aws_s3_bucket.kromelkylblogsbucket",
            "aws_security_group.sg_allow_web",
            "aws_sns_topic.nlb-failedhosts",
            "aws_subnet.public"
          ]
        }
      ]
    },
    {
      "mode": "managed",
      "type": "aws_eip",
      "name": "gw",
      "provider": "provider[\"registry.terraform.io/hashicorp/aws\"]",
      "instances": [
        {
          "index_key": 0,
          "schema_version": 0,
          "attributes": {
            "address": null,
            "allocation_id": null,
            "associate_with_private_ip": null,
            "association_id": "eipassoc-0f4ad74d93239ed1b",
            "carrier_ip": "",
            "customer_owned_ip": "",
            "customer_owned_ipv4_pool": "",
            "domain": "vpc",
            "id": "eipalloc-3a46f237",
            "instance": "i-01e7a61062eb5bf9f",
            "network_border_group": "eu-central-1",
            "network_interface": "eni-0c0ae63f69adcf230",
            "private_dns": "ip-192-168-0-232.eu-central-1.compute.internal",
            "private_ip": "192.168.0.232",
            "public_dns": "ec2-3-70-84-236.eu-central-1.compute.amazonaws.com",
            "public_ip": "3.70.84.236",
            "public_ipv4_pool": "amazon",
            "tags": {
              "Name": "Main eip 1"
            },
            "tags_all": {
              "Name": "Main eip 1"
            },
            "timeouts": null,
            "vpc": true
          },
          "sensitive_attributes": [],
          "private": "eyJlMmJmYjczMC1lY2FhLTExZTYtOGY4OC0zNDM2M2JjN2M0YzAiOnsiZGVsZXRlIjoxODAwMDAwMDAwMDAsInJlYWQiOjkwMDAwMDAwMDAwMCwidXBkYXRlIjozMDAwMDAwMDAwMDB9fQ==",
          "dependencies": [
            "aws_security_group.sg_allow_web",
            "aws_subnet.public",
            "aws_vpc.main",
            "data.aws_availability_zones.available",
            "aws_iam_instance_profile.ec3_profile",
            "aws_iam_role.s3_role",
            "aws_key_pair.generated_key",
            "aws_security_group.sg_allow_ssh",
            "aws_instance.webserver",
            "tls_private_key.RSA"
          ]
        },
        {
          "index_key": 1,
          "schema_version": 0,
          "attributes": {
            "address": null,
            "allocation_id": null,
            "associate_with_private_ip": null,
            "association_id": "eipassoc-0689bd5cc4e241c2d",
            "carrier_ip": "",
            "customer_owned_ip": "",
            "customer_owned_ipv4_pool": "",
            "domain": "vpc",
            "id": "eipalloc-a747f3aa",
            "instance": "i-082b364986b27d98a",
            "network_border_group": "eu-central-1",
            "network_interface": "eni-0b024fc90afff5833",
            "private_dns": "ip-192-168-1-86.eu-central-1.compute.internal",
            "private_ip": "192.168.1.86",
            "public_dns": "ec2-3-70-125-207.eu-central-1.compute.amazonaws.com",
            "public_ip": "3.70.125.207",
            "public_ipv4_pool": "amazon",
            "tags": {
              "Name": "Main eip 2"
            },
            "tags_all": {
              "Name": "Main eip 2"
            },
            "timeouts": null,
            "vpc": true
          },
          "sensitive_attributes": [],
          "private": "eyJlMmJmYjczMC1lY2FhLTExZTYtOGY4OC0zNDM2M2JjN2M0YzAiOnsiZGVsZXRlIjoxODAwMDAwMDAwMDAsInJlYWQiOjkwMDAwMDAwMDAwMCwidXBkYXRlIjozMDAwMDAwMDAwMDB9fQ==",
          "dependencies": [
            "tls_private_key.RSA",
            "aws_key_pair.generated_key",
            "aws_security_group.sg_allow_web",
            "aws_vpc.main",
            "aws_security_group.sg_allow_ssh",
            "aws_subnet.public",
            "data.aws_availability_zones.available",
            "aws_iam_instance_profile.ec3_profile",
            "aws_iam_role.s3_role",
            "aws_instance.webserver"
          ]
        }
      ]
    },
    {
      "mode": "managed",
      "type": "aws_iam_instance_profile",
      "name": "ec3_profile",
      "provider": "provider[\"registry.terraform.io/hashicorp/aws\"]",
      "instances": [
        {
          "schema_version": 0,
          "attributes": {
            "arn": "arn:aws:iam::638238370001:instance-profile/ec3_profile",
            "create_date": "2021-09-28T13:54:03Z",
            "id": "ec3_profile",
            "name": "ec3_profile",
            "name_prefix": null,
            "path": "/",
            "role": "s3_readrole",
            "tags": {},
            "tags_all": {},
            "unique_id": "AIPAZJGPYVDI4NSYVNC75"
          },
          "sensitive_attributes": [],
          "private": "bnVsbA==",
          "dependencies": [
            "aws_iam_role.s3_role"
          ]
        }
      ]
    },
    {
      "mode": "managed",
      "type": "aws_iam_policy_attachment",
      "name": "s3-attach",
      "provider": "provider[\"registry.terraform.io/hashicorp/aws\"]",
      "instances": [
        {
          "schema_version": 0,
          "attributes": {
            "groups": [],
            "id": "s3-attachment",
            "name": "s3-attachment",
            "policy_arn": "arn:aws:iam::aws:policy/AmazonS3ReadOnlyAccess",
            "roles": [
              "s3_readrole"
            ],
            "users": []
          },
          "sensitive_attributes": [],
          "private": "bnVsbA==",
          "dependencies": [
            "aws_iam_role.s3_role"
          ]
        }
      ]
    },
    {
      "mode": "managed",
      "type": "aws_iam_policy_attachment",
      "name": "s3-full",
      "provider": "provider[\"registry.terraform.io/hashicorp/aws\"]",
      "instances": [
        {
          "schema_version": 0,
          "attributes": {
            "groups": [],
            "id": "s3-full",
            "name": "s3-full",
            "policy_arn": "arn:aws:iam::aws:policy/AmazonS3FullAccess",
            "roles": [
              "s3_readrole"
            ],
            "users": []
          },
          "sensitive_attributes": [],
          "private": "bnVsbA==",
          "dependencies": [
            "aws_iam_role.s3_role"
          ]
        }
      ]
    },
    {
      "mode": "managed",
      "type": "aws_iam_role",
      "name": "s3_role",
      "provider": "provider[\"registry.terraform.io/hashicorp/aws\"]",
      "instances": [
        {
          "schema_version": 0,
          "attributes": {
            "arn": "arn:aws:iam::638238370001:role/s3_readrole",
            "assume_role_policy": "{\"Version\":\"2012-10-17\",\"Statement\":[{\"Sid\":\"\",\"Effect\":\"Allow\",\"Principal\":{\"Service\":\"ec2.amazonaws.com\"},\"Action\":\"sts:AssumeRole\"}]}",
            "create_date": "2021-09-28T13:54:01Z",
            "description": "",
            "force_detach_policies": false,
            "id": "s3_readrole",
            "inline_policy": [
              {
                "name": "",
                "policy": ""
              }
            ],
            "managed_policy_arns": [
              "arn:aws:iam::aws:policy/AmazonS3FullAccess",
              "arn:aws:iam::aws:policy/AmazonS3ReadOnlyAccess"
            ],
            "max_session_duration": 3600,
            "name": "s3_readrole",
            "name_prefix": "",
            "path": "/",
            "permissions_boundary": null,
            "tags": {},
            "tags_all": {},
            "unique_id": "AROAZJGPYVDISGL2MTN6T"
          },
          "sensitive_attributes": [],
          "private": "bnVsbA=="
        }
      ]
    },
    {
      "mode": "managed",
      "type": "aws_instance",
      "name": "webserver",
      "provider": "provider[\"registry.terraform.io/hashicorp/aws\"]",
      "instances": [
        {
          "index_key": 0,
          "schema_version": 1,
          "attributes": {
            "ami": "ami-07df274a488ca9195",
            "arn": "arn:aws:ec2:eu-central-1:638238370001:instance/i-01e7a61062eb5bf9f",
            "associate_public_ip_address": true,
            "availability_zone": "eu-central-1a",
            "capacity_reservation_specification": [
              {
                "capacity_reservation_preference": "open",
                "capacity_reservation_target": []
              }
            ],
            "cpu_core_count": 1,
            "cpu_threads_per_core": 1,
            "credit_specification": [
              {
                "cpu_credits": "standard"
              }
            ],
            "disable_api_termination": false,
            "ebs_block_device": [],
            "ebs_optimized": false,
            "enclave_options": [
              {
                "enabled": false
              }
            ],
            "ephemeral_block_device": [],
            "get_password_data": false,
            "hibernation": false,
            "host_id": null,
            "iam_instance_profile": "ec3_profile",
            "id": "i-01e7a61062eb5bf9f",
            "instance_initiated_shutdown_behavior": "stop",
            "instance_state": "running",
            "instance_type": "t2.micro",
            "ipv6_address_count": 0,
            "ipv6_addresses": [],
            "key_name": "main_key",
            "launch_template": [],
            "metadata_options": [
              {
                "http_endpoint": "enabled",
                "http_put_response_hop_limit": 1,
                "http_tokens": "optional"
              }
            ],
            "monitoring": false,
            "network_interface": [],
            "outpost_arn": "",
            "password_data": "",
            "placement_group": "",
            "primary_network_interface_id": "eni-0c0ae63f69adcf230",
            "private_dns": "ip-192-168-0-232.eu-central-1.compute.internal",
            "private_ip": "192.168.0.232",
            "public_dns": "ec2-3-70-84-236.eu-central-1.compute.amazonaws.com",
            "public_ip": "3.70.84.236",
            "root_block_device": [
              {
                "delete_on_termination": true,
                "device_name": "/dev/xvda",
                "encrypted": false,
                "iops": 100,
                "kms_key_id": "",
                "tags": {},
                "throughput": 0,
                "volume_id": "vol-0d7f2f8b644bc194f",
                "volume_size": 8,
                "volume_type": "gp2"
              }
            ],
            "secondary_private_ips": [],
            "security_groups": [],
            "source_dest_check": true,
            "subnet_id": "subnet-097fdd2e9012b8c74",
            "tags": {
              "Name": "Web Server 1"
            },
            "tags_all": {
              "Name": "Web Server 1"
            },
            "tenancy": "default",
            "timeouts": null,
            "user_data": "af9085ca271e001944ae46da7e068c4dfafe3d2f",
            "user_data_base64": null,
            "volume_tags": null,
            "vpc_security_group_ids": [
              "sg-0081c8c57a7e6f259",
              "sg-0c942eca8d700bddb"
            ]
          },
          "sensitive_attributes": [],
          "private": "eyJlMmJmYjczMC1lY2FhLTExZTYtOGY4OC0zNDM2M2JjN2M0YzAiOnsiY3JlYXRlIjo2MDAwMDAwMDAwMDAsImRlbGV0ZSI6MTIwMDAwMDAwMDAwMCwidXBkYXRlIjo2MDAwMDAwMDAwMDB9LCJzY2hlbWFfdmVyc2lvbiI6IjEifQ==",
          "dependencies": [
            "aws_iam_role.s3_role",
            "aws_key_pair.generated_key",
            "aws_subnet.public",
            "aws_vpc.main",
            "tls_private_key.RSA",
            "aws_iam_instance_profile.ec3_profile",
            "aws_security_group.sg_allow_ssh",
            "aws_security_group.sg_allow_web",
            "data.aws_availability_zones.available"
          ]
        },
        {
          "index_key": 1,
          "schema_version": 1,
          "attributes": {
            "ami": "ami-07df274a488ca9195",
            "arn": "arn:aws:ec2:eu-central-1:638238370001:instance/i-082b364986b27d98a",
            "associate_public_ip_address": true,
            "availability_zone": "eu-central-1b",
            "capacity_reservation_specification": [
              {
                "capacity_reservation_preference": "open",
                "capacity_reservation_target": []
              }
            ],
            "cpu_core_count": 1,
            "cpu_threads_per_core": 1,
            "credit_specification": [
              {
                "cpu_credits": "standard"
              }
            ],
            "disable_api_termination": false,
            "ebs_block_device": [],
            "ebs_optimized": false,
            "enclave_options": [
              {
                "enabled": false
              }
            ],
            "ephemeral_block_device": [],
            "get_password_data": false,
            "hibernation": false,
            "host_id": null,
            "iam_instance_profile": "ec3_profile",
            "id": "i-082b364986b27d98a",
            "instance_initiated_shutdown_behavior": "stop",
            "instance_state": "running",
            "instance_type": "t2.micro",
            "ipv6_address_count": 0,
            "ipv6_addresses": [],
            "key_name": "main_key",
            "launch_template": [],
            "metadata_options": [
              {
                "http_endpoint": "enabled",
                "http_put_response_hop_limit": 1,
                "http_tokens": "optional"
              }
            ],
            "monitoring": false,
            "network_interface": [],
            "outpost_arn": "",
            "password_data": "",
            "placement_group": "",
            "primary_network_interface_id": "eni-0b024fc90afff5833",
            "private_dns": "ip-192-168-1-86.eu-central-1.compute.internal",
            "private_ip": "192.168.1.86",
            "public_dns": "ec2-3-70-125-207.eu-central-1.compute.amazonaws.com",
            "public_ip": "3.70.125.207",
            "root_block_device": [
              {
                "delete_on_termination": true,
                "device_name": "/dev/xvda",
                "encrypted": false,
                "iops": 100,
                "kms_key_id": "",
                "tags": {},
                "throughput": 0,
                "volume_id": "vol-0e7e2f3a683dcefea",
                "volume_size": 8,
                "volume_type": "gp2"
              }
            ],
            "secondary_private_ips": [],
            "security_groups": [],
            "source_dest_check": true,
            "subnet_id": "subnet-05d9e4ca68ef0b86e",
            "tags": {
              "Name": "Web Server 2"
            },
            "tags_all": {
              "Name": "Web Server 2"
            },
            "tenancy": "default",
            "timeouts": null,
            "user_data": "af9085ca271e001944ae46da7e068c4dfafe3d2f",
            "user_data_base64": null,
            "volume_tags": null,
            "vpc_security_group_ids": [
              "sg-0081c8c57a7e6f259",
              "sg-0c942eca8d700bddb"
            ]
          },
          "sensitive_attributes": [],
          "private": "eyJlMmJmYjczMC1lY2FhLTExZTYtOGY4OC0zNDM2M2JjN2M0YzAiOnsiY3JlYXRlIjo2MDAwMDAwMDAwMDAsImRlbGV0ZSI6MTIwMDAwMDAwMDAwMCwidXBkYXRlIjo2MDAwMDAwMDAwMDB9LCJzY2hlbWFfdmVyc2lvbiI6IjEifQ==",
          "dependencies": [
            "aws_subnet.public",
            "aws_vpc.main",
            "data.aws_availability_zones.available",
            "tls_private_key.RSA",
            "aws_iam_role.s3_role",
            "aws_key_pair.generated_key",
            "aws_security_group.sg_allow_web",
            "aws_iam_instance_profile.ec3_profile",
            "aws_security_group.sg_allow_ssh"
          ]
        }
      ]
    },
    {
      "mode": "managed",
      "type": "aws_internet_gateway",
      "name": "main_gw",
      "provider": "provider[\"registry.terraform.io/hashicorp/aws\"]",
      "instances": [
        {
          "schema_version": 0,
          "attributes": {
            "arn": "arn:aws:ec2:eu-central-1:638238370001:internet-gateway/igw-0b8c2d23eaab6ad3a",
            "id": "igw-0b8c2d23eaab6ad3a",
            "owner_id": "638238370001",
            "tags": {
              "Name": "Main_gw"
            },
            "tags_all": {
              "Name": "Main_gw"
            },
            "vpc_id": "vpc-0dfe59b22bd4e6589"
          },
          "sensitive_attributes": [],
          "private": "bnVsbA==",
          "dependencies": [
            "aws_vpc.main"
          ]
        }
      ]
    },
    {
      "mode": "managed",
      "type": "aws_key_pair",
      "name": "generated_key",
      "provider": "provider[\"registry.terraform.io/hashicorp/aws\"]",
      "instances": [
        {
          "schema_version": 1,
          "attributes": {
            "arn": "arn:aws:ec2:eu-central-1:638238370001:key-pair/main_key",
            "fingerprint": "1d:59:e3:a4:33:ff:8c:5c:25:98:a0:9c:14:45:1a:40",
            "id": "main_key",
            "key_name": "main_key",
            "key_name_prefix": null,
            "key_pair_id": "key-0b5bdbf387c75b2f3",
            "public_key": "ssh-rsa AAAAB3NzaC1yc2EAAAADAQABAAACAQDGYJ2gDjBaa6JhQpZEXndXZ/EOU8nPsdWBdAKlLI7gPnS3lS0bIrTlU0lJkQZgZxudwQOvVhWFUK0IMjXJ/YiKLrR++xxox1di3Udyf1P2X/rYJ1SRCOxKwGxpRYFJAPZCkiHW3wI9gzkt0F5tXcN/9jAS26GLfgRBUtN1meRd4JfWn0kszIGW4rf8GD2IyJwBp6zX3MmEPHxDUQ/ES56v2Dnhx9E/fFbKrU3yitO54I6NtD/+Nf8ymq+Bw7C2dSTmONWte2A222dboE/unlyvhGoIlQFfeuGEEBVRDtRLRaia6aqsJOszUrMMQOzncvuPh7sjMgvzhCsn+F0cu70aHhj63z7C/zPcE6XRtWNpqMCHRr6hxVnRMugjjDm7Snhsr0B9mosLTsLJSwT8tOP/4y/p4HE1Yx4A5LbM/ECXYFUdsYtEbcdKpMLdfLQBG1GiAR9PfVzJ1RNz1jusrscE7lQtI7r4j+3UHQkOkV3Bl+sJcIKWcARj14AYX9cDDd4/w6SyvoRTJmJqiPgWzPHFOYWJSF+GZqVSbzz9f6te1WJ35UwmMEPM8Z7j4PnzkaQQCKR3rSB+HwSJbr6BqNseujrEIwBrtjOOIufHDin7mUO2kSkGcz0HtjfkrAbkeFaiHmQbDoEgHduTT4ZMjRLMtzGUc9Fk+LlbkIbrPj08cQ==",
            "tags": {},
            "tags_all": {}
          },
          "sensitive_attributes": [],
          "private": "eyJzY2hlbWFfdmVyc2lvbiI6IjEifQ==",
          "dependencies": [
            "tls_private_key.RSA"
          ]
        }
      ]
    },
    {
      "mode": "managed",
      "type": "aws_lb",
      "name": "httplb",
      "provider": "provider[\"registry.terraform.io/hashicorp/aws\"]",
      "instances": [
        {
          "schema_version": 0,
          "attributes": {
            "access_logs": [
              {
                "bucket": "kromelkylblogsbucket",
                "enabled": true,
                "prefix": "httplb"
              }
            ],
            "arn": "arn:aws:elasticloadbalancing:eu-central-1:638238370001:loadbalancer/app/httplb/5d971bac72b184ca",
            "arn_suffix": "app/httplb/5d971bac72b184ca",
            "customer_owned_ipv4_pool": "",
            "dns_name": "httplb-189305334.eu-central-1.elb.amazonaws.com",
            "drop_invalid_header_fields": false,
            "enable_cross_zone_load_balancing": null,
            "enable_deletion_protection": false,
            "enable_http2": true,
            "id": "arn:aws:elasticloadbalancing:eu-central-1:638238370001:loadbalancer/app/httplb/5d971bac72b184ca",
            "idle_timeout": 60,
            "internal": false,
            "ip_address_type": "ipv4",
            "load_balancer_type": "application",
            "name": "httplb",
            "name_prefix": null,
            "security_groups": [
              "sg-0c942eca8d700bddb"
            ],
            "subnet_mapping": [
              {
                "allocation_id": "",
                "ipv6_address": "",
                "outpost_id": "",
                "private_ipv4_address": "",
                "subnet_id": "subnet-05d9e4ca68ef0b86e"
              },
              {
                "allocation_id": "",
                "ipv6_address": "",
                "outpost_id": "",
                "private_ipv4_address": "",
                "subnet_id": "subnet-097fdd2e9012b8c74"
              }
            ],
            "subnets": [
              "subnet-05d9e4ca68ef0b86e",
              "subnet-097fdd2e9012b8c74"
            ],
            "tags": null,
            "tags_all": {},
            "timeouts": null,
            "vpc_id": "vpc-0dfe59b22bd4e6589",
            "zone_id": "Z215JYRZR1TBD5"
          },
          "sensitive_attributes": [],
          "private": "eyJlMmJmYjczMC1lY2FhLTExZTYtOGY4OC0zNDM2M2JjN2M0YzAiOnsiY3JlYXRlIjo2MDAwMDAwMDAwMDAsImRlbGV0ZSI6NjAwMDAwMDAwMDAwLCJ1cGRhdGUiOjYwMDAwMDAwMDAwMH19",
          "dependencies": [
            "aws_s3_bucket.kromelkylblogsbucket",
            "aws_security_group.sg_allow_web",
            "aws_subnet.public"
          ]
        }
      ]
    },
    {
      "mode": "managed",
      "type": "aws_lb_listener",
      "name": "front_end",
      "provider": "provider[\"registry.terraform.io/hashicorp/aws\"]",
      "instances": [
        {
          "schema_version": 0,
          "attributes": {
            "alpn_policy": null,
            "arn": "arn:aws:elasticloadbalancing:eu-central-1:638238370001:listener/app/httplb/5d971bac72b184ca/d21b6f4fe2925997",
            "certificate_arn": null,
            "default_action": [
              {
                "authenticate_cognito": [],
                "authenticate_oidc": [],
                "fixed_response": [],
                "forward": [],
                "order": 1,
                "redirect": [],
                "target_group_arn": "arn:aws:elasticloadbalancing:eu-central-1:638238370001:targetgroup/webserver-tg/d9423293827fbca8",
                "type": "forward"
              }
            ],
            "id": "arn:aws:elasticloadbalancing:eu-central-1:638238370001:listener/app/httplb/5d971bac72b184ca/d21b6f4fe2925997",
            "load_balancer_arn": "arn:aws:elasticloadbalancing:eu-central-1:638238370001:loadbalancer/app/httplb/5d971bac72b184ca",
            "port": 80,
            "protocol": "HTTP",
            "ssl_policy": "",
            "tags": null,
            "tags_all": {},
            "timeouts": null
          },
          "sensitive_attributes": [],
          "private": "eyJlMmJmYjczMC1lY2FhLTExZTYtOGY4OC0zNDM2M2JjN2M0YzAiOnsicmVhZCI6NjAwMDAwMDAwMDAwfX0=",
          "dependencies": [
            "aws_lb.httplb",
            "aws_lb_target_group.web_tg",
            "aws_s3_bucket.kromelkylblogsbucket",
            "aws_security_group.sg_allow_web",
            "aws_subnet.public"
          ]
        }
      ]
    },
    {
      "mode": "managed",
      "type": "aws_lb_target_group",
      "name": "httptg",
      "provider": "provider[\"registry.terraform.io/hashicorp/aws\"]",
      "instances": [
        {
          "schema_version": 0,
          "attributes": {
            "arn": "arn:aws:elasticloadbalancing:eu-central-1:638238370001:targetgroup/httptg/a1563155cf73729b",
            "arn_suffix": "targetgroup/httptg/a1563155cf73729b",
            "deregistration_delay": 300,
            "health_check": [
              {
                "enabled": true,
                "healthy_threshold": 5,
                "interval": 30,
                "matcher": "200",
                "path": "/",
                "port": "traffic-port",
                "protocol": "HTTP",
                "timeout": 5,
                "unhealthy_threshold": 2
              }
            ],
            "id": "arn:aws:elasticloadbalancing:eu-central-1:638238370001:targetgroup/httptg/a1563155cf73729b",
            "lambda_multi_value_headers_enabled": false,
            "load_balancing_algorithm_type": "round_robin",
            "name": "httptg",
            "name_prefix": null,
            "port": 80,
            "preserve_client_ip": null,
            "protocol": "HTTP",
            "protocol_version": "HTTP1",
            "proxy_protocol_v2": false,
            "slow_start": 0,
            "stickiness": [
              {
                "cookie_duration": 86400,
                "cookie_name": "",
                "enabled": false,
                "type": "lb_cookie"
              }
            ],
            "tags": {},
            "tags_all": {},
            "target_type": "instance",
            "vpc_id": "vpc-0dfe59b22bd4e6589"
          },
          "sensitive_attributes": [],
          "private": "bnVsbA==",
          "dependencies": [
            "aws_vpc.main"
          ]
        }
      ]
    },
    {
      "mode": "managed",
      "type": "aws_lb_target_group",
      "name": "web_tg",
      "provider": "provider[\"registry.terraform.io/hashicorp/aws\"]",
      "instances": [
        {
          "schema_version": 0,
          "attributes": {
            "arn": "arn:aws:elasticloadbalancing:eu-central-1:638238370001:targetgroup/webserver-tg/d9423293827fbca8",
            "arn_suffix": "targetgroup/webserver-tg/d9423293827fbca8",
            "deregistration_delay": 300,
            "health_check": [
              {
                "enabled": true,
                "healthy_threshold": 5,
                "interval": 30,
                "matcher": "200",
                "path": "/",
                "port": "traffic-port",
                "protocol": "HTTP",
                "timeout": 5,
                "unhealthy_threshold": 2
              }
            ],
            "id": "arn:aws:elasticloadbalancing:eu-central-1:638238370001:targetgroup/webserver-tg/d9423293827fbca8",
            "lambda_multi_value_headers_enabled": false,
            "load_balancing_algorithm_type": "round_robin",
            "name": "webserver-tg",
            "name_prefix": null,
            "port": 80,
            "preserve_client_ip": null,
            "protocol": "HTTP",
            "protocol_version": "HTTP1",
            "proxy_protocol_v2": false,
            "slow_start": 0,
            "stickiness": [
              {
                "cookie_duration": 86400,
                "cookie_name": "",
                "enabled": false,
                "type": "lb_cookie"
              }
            ],
            "tags": {},
            "tags_all": {},
            "target_type": "instance",
            "vpc_id": "vpc-0dfe59b22bd4e6589"
          },
          "sensitive_attributes": [],
          "private": "bnVsbA==",
          "dependencies": [
            "aws_vpc.main"
          ]
        }
      ]
    },
    {
      "mode": "managed",
      "type": "aws_lb_target_group_attachment",
      "name": "webattach",
      "provider": "provider[\"registry.terraform.io/hashicorp/aws\"]",
      "instances": [
        {
          "index_key": 0,
          "schema_version": 0,
          "attributes": {
            "availability_zone": null,
            "id": "arn:aws:elasticloadbalancing:eu-central-1:638238370001:targetgroup/webserver-tg/d9423293827fbca8-20210928135444157600000002",
            "port": 80,
            "target_group_arn": "arn:aws:elasticloadbalancing:eu-central-1:638238370001:targetgroup/webserver-tg/d9423293827fbca8",
            "target_id": "i-01e7a61062eb5bf9f"
          },
          "sensitive_attributes": [],
          "private": "bnVsbA==",
          "dependencies": [
            "aws_iam_role.s3_role",
            "aws_instance.webserver",
            "aws_key_pair.generated_key",
            "aws_security_group.sg_allow_ssh",
            "tls_private_key.RSA",
            "aws_iam_instance_profile.ec3_profile",
            "aws_lb_target_group.web_tg",
            "aws_security_group.sg_allow_web",
            "aws_subnet.public",
            "aws_vpc.main",
            "data.aws_availability_zones.available"
          ]
        },
        {
          "index_key": 1,
          "schema_version": 0,
          "attributes": {
            "availability_zone": null,
            "id": "arn:aws:elasticloadbalancing:eu-central-1:638238370001:targetgroup/webserver-tg/d9423293827fbca8-20210928135444084800000001",
            "port": 80,
            "target_group_arn": "arn:aws:elasticloadbalancing:eu-central-1:638238370001:targetgroup/webserver-tg/d9423293827fbca8",
            "target_id": "i-082b364986b27d98a"
          },
          "sensitive_attributes": [],
          "private": "bnVsbA==",
          "dependencies": [
            "aws_subnet.public",
            "tls_private_key.RSA",
            "aws_iam_instance_profile.ec3_profile",
            "aws_instance.webserver",
            "aws_key_pair.generated_key",
            "aws_lb_target_group.web_tg",
            "aws_security_group.sg_allow_ssh",
            "aws_security_group.sg_allow_web",
            "aws_iam_role.s3_role",
            "aws_vpc.main",
            "data.aws_availability_zones.available"
          ]
        }
      ]
    },
    {
      "mode": "managed",
      "type": "aws_route_table",
      "name": "rt",
      "provider": "provider[\"registry.terraform.io/hashicorp/aws\"]",
      "instances": [
        {
          "schema_version": 0,
          "attributes": {
            "arn": "arn:aws:ec2:eu-central-1:638238370001:route-table/rtb-0502ac0eb8a4f184c",
            "id": "rtb-0502ac0eb8a4f184c",
            "owner_id": "638238370001",
            "propagating_vgws": [],
            "route": [
              {
                "carrier_gateway_id": "",
                "cidr_block": "0.0.0.0/0",
                "destination_prefix_list_id": "",
                "egress_only_gateway_id": "",
                "gateway_id": "igw-0b8c2d23eaab6ad3a",
                "instance_id": "",
                "ipv6_cidr_block": "",
                "local_gateway_id": "",
                "nat_gateway_id": "",
                "network_interface_id": "",
                "transit_gateway_id": "",
                "vpc_endpoint_id": "",
                "vpc_peering_connection_id": ""
              }
            ],
            "tags": {
              "Name": "main_rt"
            },
            "tags_all": {
              "Name": "main_rt"
            },
            "vpc_id": "vpc-0dfe59b22bd4e6589"
          },
          "sensitive_attributes": [],
          "private": "bnVsbA==",
          "dependencies": [
            "aws_internet_gateway.main_gw",
            "aws_vpc.main"
          ]
        }
      ]
    },
    {
      "mode": "managed",
      "type": "aws_route_table_association",
      "name": "public",
      "provider": "provider[\"registry.terraform.io/hashicorp/aws\"]",
      "instances": [
        {
          "index_key": 0,
          "schema_version": 0,
          "attributes": {
            "gateway_id": "",
            "id": "rtbassoc-03eebd7132ebe59a9",
            "route_table_id": "rtb-0502ac0eb8a4f184c",
            "subnet_id": "subnet-097fdd2e9012b8c74"
          },
          "sensitive_attributes": [],
          "private": "bnVsbA==",
          "dependencies": [
            "aws_vpc.main",
            "data.aws_availability_zones.available",
            "aws_internet_gateway.main_gw",
            "aws_route_table.rt",
            "aws_subnet.public"
          ]
        },
        {
          "index_key": 1,
          "schema_version": 0,
          "attributes": {
            "gateway_id": "",
            "id": "rtbassoc-0de3b33c188cdbda5",
            "route_table_id": "rtb-0502ac0eb8a4f184c",
            "subnet_id": "subnet-05d9e4ca68ef0b86e"
          },
          "sensitive_attributes": [],
          "private": "bnVsbA==",
          "dependencies": [
            "aws_internet_gateway.main_gw",
            "aws_route_table.rt",
            "aws_subnet.public",
            "aws_vpc.main",
            "data.aws_availability_zones.available"
          ]
        }
      ]
    },
    {
      "mode": "managed",
      "type": "aws_s3_bucket",
      "name": "kromelkylblogsbucket",
      "provider": "provider[\"registry.terraform.io/hashicorp/aws\"]",
      "instances": [
        {
          "schema_version": 0,
          "attributes": {
            "acceleration_status": "",
            "acl": "private",
            "arn": "arn:aws:s3:::kromelkylblogsbucket",
            "bucket": "kromelkylblogsbucket",
            "bucket_domain_name": "kromelkylblogsbucket.s3.amazonaws.com",
            "bucket_prefix": null,
            "bucket_regional_domain_name": "kromelkylblogsbucket.s3.eu-central-1.amazonaws.com",
            "cors_rule": [],
            "force_destroy": false,
            "grant": [],
            "hosted_zone_id": "Z21DNDUVLTQW6Q",
            "id": "kromelkylblogsbucket",
            "lifecycle_rule": [],
            "logging": [],
            "object_lock_configuration": [],
            "policy": null,
            "region": "eu-central-1",
            "replication_configuration": [],
            "request_payer": "BucketOwner",
            "server_side_encryption_configuration": [],
            "tags": {},
            "tags_all": {},
            "versioning": [
              {
                "enabled": false,
                "mfa_delete": false
              }
            ],
            "website": [],
            "website_domain": null,
            "website_endpoint": null
          },
          "sensitive_attributes": [],
          "private": "bnVsbA=="
        }
      ]
    },
    {
      "mode": "managed",
      "type": "aws_s3_bucket_policy",
      "name": "kromelkylblogsbucketpolicy",
      "provider": "provider[\"registry.terraform.io/hashicorp/aws\"]",
      "instances": [
        {
          "schema_version": 0,
          "attributes": {
            "bucket": "kromelkylblogsbucket",
            "id": "kromelkylblogsbucket",
            "policy": "{\"Version\":\"2012-10-17\",\"Id\":\"S3Admin\",\"Statement\":[{\"Effect\":\"Allow\",\"Principal\":{\"AWS\":\"arn:aws:iam::054676820928:root\"},\"Action\":\"s3:PutObject\",\"Resource\":\"arn:aws:s3:::kromelkylblogsbucket/*\"},{\"Effect\":\"Allow\",\"Principal\":{\"Service\":\"delivery.logs.amazonaws.com\"},\"Action\":\"s3:GetBucketAcl\",\"Resource\":\"arn:aws:s3:::kromelkylblogsbucket\"}]}"
          },
          "sensitive_attributes": [],
          "private": "bnVsbA==",
          "dependencies": [
            "aws_s3_bucket.kromelkylblogsbucket"
          ]
        }
      ]
    },
    {
      "mode": "managed",
      "type": "aws_security_group",
      "name": "sg_allow_ssh",
      "provider": "provider[\"registry.terraform.io/hashicorp/aws\"]",
      "instances": [
        {
          "schema_version": 1,
          "attributes": {
            "arn": "arn:aws:ec2:eu-central-1:638238370001:security-group/sg-0081c8c57a7e6f259",
            "description": "Allow ssh inbound traffic",
            "egress": [
              {
                "cidr_blocks": [
                  "0.0.0.0/0"
                ],
                "description": "Any output",
                "from_port": 0,
                "ipv6_cidr_blocks": [],
                "prefix_list_ids": [],
                "protocol": "-1",
                "security_groups": [],
                "self": false,
                "to_port": 0
              }
            ],
            "id": "sg-0081c8c57a7e6f259",
            "ingress": [
              {
                "cidr_blocks": [
                  "0.0.0.0/0"
                ],
                "description": "SSH from VPC",
                "from_port": 22,
                "ipv6_cidr_blocks": [],
                "prefix_list_ids": [],
                "protocol": "tcp",
                "security_groups": [],
                "self": false,
                "to_port": 22
              }
            ],
            "name": "ssh",
            "name_prefix": "",
            "owner_id": "638238370001",
            "revoke_rules_on_delete": false,
            "tags": {
              "Name": "allow_ssh"
            },
            "tags_all": {
              "Name": "allow_ssh"
            },
            "timeouts": null,
            "vpc_id": "vpc-0dfe59b22bd4e6589"
          },
          "sensitive_attributes": [],
          "private": "eyJlMmJmYjczMC1lY2FhLTExZTYtOGY4OC0zNDM2M2JjN2M0YzAiOnsiY3JlYXRlIjo2MDAwMDAwMDAwMDAsImRlbGV0ZSI6OTAwMDAwMDAwMDAwfSwic2NoZW1hX3ZlcnNpb24iOiIxIn0=",
          "dependencies": [
            "aws_vpc.main"
          ]
        }
      ]
    },
    {
      "mode": "managed",
      "type": "aws_security_group",
      "name": "sg_allow_web",
      "provider": "provider[\"registry.terraform.io/hashicorp/aws\"]",
      "instances": [
        {
          "schema_version": 1,
          "attributes": {
            "arn": "arn:aws:ec2:eu-central-1:638238370001:security-group/sg-0c942eca8d700bddb",
            "description": "Allow HTTP inbound traffic",
            "egress": [
              {
                "cidr_blocks": [
                  "0.0.0.0/0"
                ],
                "description": "Any output",
                "from_port": 0,
                "ipv6_cidr_blocks": [],
                "prefix_list_ids": [],
                "protocol": "-1",
                "security_groups": [],
                "self": false,
                "to_port": 0
              }
            ],
            "id": "sg-0c942eca8d700bddb",
            "ingress": [
              {
                "cidr_blocks": [
                  "0.0.0.0/0"
                ],
                "description": "HTTP from VPC",
                "from_port": 80,
                "ipv6_cidr_blocks": [],
                "prefix_list_ids": [],
                "protocol": "tcp",
                "security_groups": [],
                "self": false,
                "to_port": 80
              }
            ],
            "name": "allow_http",
            "name_prefix": "",
            "owner_id": "638238370001",
            "revoke_rules_on_delete": false,
            "tags": {
              "Name": "allow_http/https"
            },
            "tags_all": {
              "Name": "allow_http/https"
            },
            "timeouts": null,
            "vpc_id": "vpc-0dfe59b22bd4e6589"
          },
          "sensitive_attributes": [],
          "private": "eyJlMmJmYjczMC1lY2FhLTExZTYtOGY4OC0zNDM2M2JjN2M0YzAiOnsiY3JlYXRlIjo2MDAwMDAwMDAwMDAsImRlbGV0ZSI6OTAwMDAwMDAwMDAwfSwic2NoZW1hX3ZlcnNpb24iOiIxIn0=",
          "dependencies": [
            "aws_vpc.main"
          ]
        }
      ]
    },
    {
      "mode": "managed",
      "type": "aws_sns_topic",
      "name": "nlb-failedhosts",
      "provider": "provider[\"registry.terraform.io/hashicorp/aws\"]",
      "instances": [
        {
          "schema_version": 0,
          "attributes": {
            "application_failure_feedback_role_arn": "",
            "application_success_feedback_role_arn": "",
            "application_success_feedback_sample_rate": null,
            "arn": "arn:aws:sns:eu-central-1:638238370001:nlb-failedhosts",
            "content_based_deduplication": false,
            "delivery_policy": "",
            "display_name": "",
            "fifo_topic": false,
            "firehose_failure_feedback_role_arn": "",
            "firehose_success_feedback_role_arn": "",
            "firehose_success_feedback_sample_rate": null,
            "http_failure_feedback_role_arn": "",
            "http_success_feedback_role_arn": "",
            "http_success_feedback_sample_rate": null,
            "id": "arn:aws:sns:eu-central-1:638238370001:nlb-failedhosts",
            "kms_master_key_id": "",
            "lambda_failure_feedback_role_arn": "",
            "lambda_success_feedback_role_arn": "",
            "lambda_success_feedback_sample_rate": null,
            "name": "nlb-failedhosts",
            "name_prefix": "",
            "owner": "638238370001",
            "policy": "{\"Version\":\"2008-10-17\",\"Id\":\"__default_policy_ID\",\"Statement\":[{\"Sid\":\"__default_statement_ID\",\"Effect\":\"Allow\",\"Principal\":{\"AWS\":\"*\"},\"Action\":[\"SNS:GetTopicAttributes\",\"SNS:SetTopicAttributes\",\"SNS:AddPermission\",\"SNS:RemovePermission\",\"SNS:DeleteTopic\",\"SNS:Subscribe\",\"SNS:ListSubscriptionsByTopic\",\"SNS:Publish\",\"SNS:Receive\"],\"Resource\":\"arn:aws:sns:eu-central-1:638238370001:nlb-failedhosts\",\"Condition\":{\"StringEquals\":{\"AWS:SourceOwner\":\"638238370001\"}}}]}",
            "sqs_failure_feedback_role_arn": "",
            "sqs_success_feedback_role_arn": "",
            "sqs_success_feedback_sample_rate": null,
            "tags": {},
            "tags_all": {}
          },
          "sensitive_attributes": [],
          "private": "bnVsbA=="
        }
      ]
    },
    {
      "mode": "managed",
      "type": "aws_subnet",
      "name": "public",
      "provider": "provider[\"registry.terraform.io/hashicorp/aws\"]",
      "instances": [
        {
          "index_key": 0,
          "schema_version": 1,
          "attributes": {
            "arn": "arn:aws:ec2:eu-central-1:638238370001:subnet/subnet-097fdd2e9012b8c74",
            "assign_ipv6_address_on_creation": false,
            "availability_zone": "eu-central-1a",
            "availability_zone_id": "euc1-az2",
            "cidr_block": "192.168.0.0/24",
            "customer_owned_ipv4_pool": "",
            "id": "subnet-097fdd2e9012b8c74",
            "ipv6_cidr_block": "",
            "ipv6_cidr_block_association_id": "",
            "map_customer_owned_ip_on_launch": false,
            "map_public_ip_on_launch": false,
            "outpost_arn": "",
            "owner_id": "638238370001",
            "tags": {
              "Name": "192.168.0.0/24"
            },
            "tags_all": {
              "Name": "192.168.0.0/24"
            },
            "timeouts": null,
            "vpc_id": "vpc-0dfe59b22bd4e6589"
          },
          "sensitive_attributes": [],
          "private": "eyJlMmJmYjczMC1lY2FhLTExZTYtOGY4OC0zNDM2M2JjN2M0YzAiOnsiY3JlYXRlIjo2MDAwMDAwMDAwMDAsImRlbGV0ZSI6MTIwMDAwMDAwMDAwMH0sInNjaGVtYV92ZXJzaW9uIjoiMSJ9",
          "dependencies": [
            "aws_vpc.main",
            "data.aws_availability_zones.available"
          ]
        },
        {
          "index_key": 1,
          "schema_version": 1,
          "attributes": {
            "arn": "arn:aws:ec2:eu-central-1:638238370001:subnet/subnet-05d9e4ca68ef0b86e",
            "assign_ipv6_address_on_creation": false,
            "availability_zone": "eu-central-1b",
            "availability_zone_id": "euc1-az3",
            "cidr_block": "192.168.1.0/24",
            "customer_owned_ipv4_pool": "",
            "id": "subnet-05d9e4ca68ef0b86e",
            "ipv6_cidr_block": "",
            "ipv6_cidr_block_association_id": "",
            "map_customer_owned_ip_on_launch": false,
            "map_public_ip_on_launch": false,
            "outpost_arn": "",
            "owner_id": "638238370001",
            "tags": {
              "Name": "192.168.1.0/24"
            },
            "tags_all": {
              "Name": "192.168.1.0/24"
            },
            "timeouts": null,
            "vpc_id": "vpc-0dfe59b22bd4e6589"
          },
          "sensitive_attributes": [],
          "private": "eyJlMmJmYjczMC1lY2FhLTExZTYtOGY4OC0zNDM2M2JjN2M0YzAiOnsiY3JlYXRlIjo2MDAwMDAwMDAwMDAsImRlbGV0ZSI6MTIwMDAwMDAwMDAwMH0sInNjaGVtYV92ZXJzaW9uIjoiMSJ9",
          "dependencies": [
            "aws_vpc.main",
            "data.aws_availability_zones.available"
          ]
        }
      ]
    },
    {
      "mode": "managed",
      "type": "aws_vpc",
      "name": "main",
      "provider": "provider[\"registry.terraform.io/hashicorp/aws\"]",
      "instances": [
        {
          "schema_version": 1,
          "attributes": {
            "arn": "arn:aws:ec2:eu-central-1:638238370001:vpc/vpc-0dfe59b22bd4e6589",
            "assign_generated_ipv6_cidr_block": false,
            "cidr_block": "192.168.0.0/16",
            "default_network_acl_id": "acl-023419e2d9e39f035",
            "default_route_table_id": "rtb-0d3b69694a5d78d5e",
            "default_security_group_id": "sg-0ddf6ee25b71e9dfe",
            "dhcp_options_id": "dopt-c6a8c7ac",
            "enable_classiclink": null,
            "enable_classiclink_dns_support": null,
            "enable_dns_hostnames": true,
            "enable_dns_support": true,
            "id": "vpc-0dfe59b22bd4e6589",
            "instance_tenancy": "default",
            "ipv6_association_id": "",
            "ipv6_cidr_block": "",
            "main_route_table_id": "rtb-0d3b69694a5d78d5e",
            "owner_id": "638238370001",
            "tags": {
              "Name": "mainvpc"
            },
            "tags_all": {
              "Name": "mainvpc"
            }
          },
          "sensitive_attributes": [],
          "private": "eyJzY2hlbWFfdmVyc2lvbiI6IjEifQ=="
        }
      ]
    },
    {
      "mode": "managed",
      "type": "local_file",
      "name": "pem_file",
      "provider": "provider[\"registry.terraform.io/hashicorp/local\"]",
      "instances": [
        {
          "schema_version": 0,
          "attributes": {
            "content": null,
            "content_base64": null,
            "directory_permission": "700",
            "file_permission": "600",
            "filename": "C:\\Users\\Gusarov312\\.ssh\\main_key.pem",
            "id": "181fb35954144c92e39f8106f3259d44ad46b761",
            "sensitive_content": "-----BEGIN RSA PRIVATE KEY-----\nMIIJKQIBAAKCAgEAxmCdoA4wWmuiYUKWRF53V2fxDlPJz7HVgXQCpSyO4D50t5Ut\nGyK05VNJSZEGYGcbncEDr1YVhVCtCDI1yf2Iii60fvscaMdXYt1Hcn9T9l/62CdU\nkQjsSsBsaUWBSQD2QpIh1t8CPYM5LdBebV3Df/YwEtuhi34EQVLTdZnkXeCX1p9J\nLMyBluK3/Bg9iMicAaes19zJhDx8Q1EPxEuer9g54cfRP3xWyq1N8orTueCOjbQ/\n/jX/MpqvgcOwtnUk5jjVrXtgNttnW6BP7p5cr4RqCJUBX3rhhBAVUQ7US0Womumq\nrCTrM1KzDEDs53L7j4e7IzIL84QrJ/hdHLu9Gh4Y+t8+wv8z3BOl0bVjaajAh0a+\nocVZ0TLoI4w5u0p4bK9AfZqLC07CyUsE/LTj/+Mv6eBxNWMeAOS2zPxAl2BVHbGL\nRG3HSqTC3Xy0ARtRogEfT31cydUTc9Y7rK7HBO5ULSO6+I/t1B0JDpFdwZfrCXCC\nlnAEY9eAGF/XAw3eP8Oksr6EUyZiaoj4FszxxTmFiUhfhmalUm88/X+rXtVid+VM\nJjBDzPGe4+D585GkEAikd60gfh8EiW6+gajbHro6xCMAa7YzjiLnxw4p+5lDtpEp\nBnM9B7Y35KwG5HhWoh5kGw6BIB3bk0+GTI0SzLcxlHPRZPi5W5CG6z49PHECAwEA\nAQKCAgEArZMV+FjR6BvrjYxUrOe3Jkx1OCMKHuesN8PJGLs/HGipeYRWXjrk6w8P\nvgXd/XXaTRL4ZW8+D1MCw3wjYmSrFrU9CyoutmNNS9zvyfgtABMFCiKHtQuIrPNn\nKEk/kR/9WUxBvZ+Nd0MdQb/jD3COQaWodKel1sbhdELDcU/A6H8+e/UNctxRuzMO\n5s5S8R8OmcgbzRiLXmAKHmCMGiZMZ/Ia2zoaFaF204oF/OWJ0kbwlH6Vy5l1fNKq\nJDGUqmEfcy1hkZS1H+qjqiFALzpzQMPsfyvZcrCzJ/lmnXELQf1mRH2V71+ySErh\nDSS15OHPyMtra6U7ncwUcrm2xxBhqS59MpiKOAAwfpEVNRLxgYutizySa7f5F/cF\nLnSko55vEx2piZn2hPkvyZb/AJ0WCx6+Bmo3ia2HEEmt8+8at4uKqPHcYfArflIV\npQi61CmF57pgm/2j8T+ogD0cw4UHNJxbtDb3XtNzEuhkSTVIII2op5Ovk3YmVvcA\nmpEBl9x+5+YbKOLCSi3+MCD6xaY8BZr4WA++Tak/K/gfxAYgIz4UgiW35HnsxkLX\ni+gSdmitmrDOLBWPw+oCipLBG4TpihtnStEIrzqS32Akd/0foZx3C0BCOcWvl/cT\nxlD4ISSwvjHOKDjJ3sSNO1pmI4xmA5Y5KnXOH3vk2YoqAeVokF0CggEBAMhlIQOO\nu3R6D2JGSTg1WDsYIz47WsU9DBMeTfodL8nSO++oJSNEMPXA8C+xM8hNaJhBQ8aN\nGYbFrVcqOLga/EUb2SYT5/Mmnsr1ncPY7wQ3mzDnJoOOnyfLMWnE/DDzifEEBZrh\nBd4TIIUgK94qDyu2xc8xFSPg+IM8Wizvde4Ba6B+fmn3yMe69gS5hajN1kS77Rid\nCw5+T6z7Gq1q7ElthPUT020APTJC5YVSRRkCKC8q5FfbbaVkX5WaQmcNwqL1diUm\npirRokvLonzMv4FJAdEA+Za2gI8DPsJ8K5If13RjauxoR+d0Le4jcFpNlB1UCNfM\nYiUMnLkJZMF0encCggEBAP1sKpV9pGnRFjfmGzI77YC3Ow3paERh3FxVXaZZGTAO\nLkx0zJPLad6OJWrFv5ffv2I2lj4dd6pk+GRK+iEbkAiXzrJYTbaAcgDiCNJ36cVg\ncSBe/UzA5ixKQWhUYebbHt1mgmh9tM5a8XjL9CvGI0PPRlan2qhHfICFk46WoqD/\n9Pxs0l59hvG+jHsEWnK+8h30IzKMXO0aJwanENFwQlbr2qNH7y505XguLnDgf1Fn\nbgYtXEMK3odftFKQlSRy4Dx/TNsv5sWFfle/LknforF4W1myegP4kljGT0FymvLb\njKyHJ49DgzIdF3F1zFfMvl2es7DNlIjgmgGYhEDe0lcCggEABsXcOsmNLl+du32S\npfKvm7eyIT1SUQ5CJTdF/WkVH2Yannv5XVrFqNivhX0guelb2qGCD+je7v4pYKPN\nrPNEiXVqfm33zfEFNujcPy1KzsKuXRXC6HleibLFZcTBnUnt5JZ1Ngna7+mHlNhE\ng0q6noib4OfQxhipbY4RoikpvDSSFaeQ0DYOtClufTRj/xON5V7QoZ9VK1U7jiYi\nfa/6cnTgJIRaBfoXF2bJaRshuLmo8AcsFogVCZz92gmPqvn9FRLkvlazEQlqydMF\nF+C3rD/ybsTwqpZae/rpGRunQVYQKx/dEkZn/7uefcj22CZ9FgysC9cdjhECDwLx\nQ9SS+wKCAQAOFkQruSc5hpjglJbwbOpf3E+ZD19vZa01KL2i8JL42+Dw+REiKg2B\nhI9J5yImVBa0Y+poG4U6YJB6KrzKuFiCUcX4nfX77hnoOKha4rWI9jpznTQhXxus\nXJhUL1Sd25JUpk0bd9lkGyQPHe89u67cJxp22K/L6OVf040HQRJbNr8shPQQspOc\nvoXalLxeYoTc62RFfA3yVCDVOtYxfjcB0+x8ZRRDldXnn1GPjrslEEXKbB0T0Pfb\nuJMyf7z6oLQcSMtB5+DBHBGQ2Ry+mILXsKQLUWN88wVXj/Z54eABHfks4fpt+UfC\nsmFKOk0YmFYAqEC+1D6seSe2bP71CC3TAoIBAQClUT1t8hHXYZUJvG7sjxDiYKFm\nViJ+nwM/x5i1+SLj9RorVeS1RpgR8Jcyx8VObwTPvQsXtghkmgqDmU0yyDGccmC6\nt7H0yBx13Ob5SlpqX49vO0Hpi4o6NVgL/9oKmFvvWGVWERBs/2gtHuPFC4+bzzEL\n+eR8shkyWF4ytCjim+1oLurJszc2HZlMoQYn669eQX9+E4bRtTmtU31HbbIjhY99\nFnaHhnxkZ070sF0eAqX7J3HBmuzbnVZSflatVx6oiI3bE5Ai1glHa9WTca6J/dx3\n5CA7jXkcSQGwJbJuFxZvO9BeaqBi/Va4e2mm2YIg45bKA8iF4Sfj+7q38eUP\n-----END RSA PRIVATE KEY-----\n",
            "source": null
          },
          "sensitive_attributes": [
            [
              {
                "type": "get_attr",
                "value": "sensitive_content"
              }
            ]
          ],
          "private": "bnVsbA==",
          "dependencies": [
            "aws_key_pair.generated_key",
            "tls_private_key.RSA"
          ]
        }
      ]
    },
    {
      "mode": "managed",
      "type": "tls_private_key",
      "name": "RSA",
      "provider": "provider[\"registry.terraform.io/hashicorp/tls\"]",
      "instances": [
        {
          "schema_version": 0,
          "attributes": {
            "algorithm": "RSA",
            "ecdsa_curve": "P224",
            "id": "1a42740ea88c3797c3c93b4a9f51f3584ba7e789",
            "private_key_pem": "-----BEGIN RSA PRIVATE KEY-----\nMIIJKQIBAAKCAgEAxmCdoA4wWmuiYUKWRF53V2fxDlPJz7HVgXQCpSyO4D50t5Ut\nGyK05VNJSZEGYGcbncEDr1YVhVCtCDI1yf2Iii60fvscaMdXYt1Hcn9T9l/62CdU\nkQjsSsBsaUWBSQD2QpIh1t8CPYM5LdBebV3Df/YwEtuhi34EQVLTdZnkXeCX1p9J\nLMyBluK3/Bg9iMicAaes19zJhDx8Q1EPxEuer9g54cfRP3xWyq1N8orTueCOjbQ/\n/jX/MpqvgcOwtnUk5jjVrXtgNttnW6BP7p5cr4RqCJUBX3rhhBAVUQ7US0Womumq\nrCTrM1KzDEDs53L7j4e7IzIL84QrJ/hdHLu9Gh4Y+t8+wv8z3BOl0bVjaajAh0a+\nocVZ0TLoI4w5u0p4bK9AfZqLC07CyUsE/LTj/+Mv6eBxNWMeAOS2zPxAl2BVHbGL\nRG3HSqTC3Xy0ARtRogEfT31cydUTc9Y7rK7HBO5ULSO6+I/t1B0JDpFdwZfrCXCC\nlnAEY9eAGF/XAw3eP8Oksr6EUyZiaoj4FszxxTmFiUhfhmalUm88/X+rXtVid+VM\nJjBDzPGe4+D585GkEAikd60gfh8EiW6+gajbHro6xCMAa7YzjiLnxw4p+5lDtpEp\nBnM9B7Y35KwG5HhWoh5kGw6BIB3bk0+GTI0SzLcxlHPRZPi5W5CG6z49PHECAwEA\nAQKCAgEArZMV+FjR6BvrjYxUrOe3Jkx1OCMKHuesN8PJGLs/HGipeYRWXjrk6w8P\nvgXd/XXaTRL4ZW8+D1MCw3wjYmSrFrU9CyoutmNNS9zvyfgtABMFCiKHtQuIrPNn\nKEk/kR/9WUxBvZ+Nd0MdQb/jD3COQaWodKel1sbhdELDcU/A6H8+e/UNctxRuzMO\n5s5S8R8OmcgbzRiLXmAKHmCMGiZMZ/Ia2zoaFaF204oF/OWJ0kbwlH6Vy5l1fNKq\nJDGUqmEfcy1hkZS1H+qjqiFALzpzQMPsfyvZcrCzJ/lmnXELQf1mRH2V71+ySErh\nDSS15OHPyMtra6U7ncwUcrm2xxBhqS59MpiKOAAwfpEVNRLxgYutizySa7f5F/cF\nLnSko55vEx2piZn2hPkvyZb/AJ0WCx6+Bmo3ia2HEEmt8+8at4uKqPHcYfArflIV\npQi61CmF57pgm/2j8T+ogD0cw4UHNJxbtDb3XtNzEuhkSTVIII2op5Ovk3YmVvcA\nmpEBl9x+5+YbKOLCSi3+MCD6xaY8BZr4WA++Tak/K/gfxAYgIz4UgiW35HnsxkLX\ni+gSdmitmrDOLBWPw+oCipLBG4TpihtnStEIrzqS32Akd/0foZx3C0BCOcWvl/cT\nxlD4ISSwvjHOKDjJ3sSNO1pmI4xmA5Y5KnXOH3vk2YoqAeVokF0CggEBAMhlIQOO\nu3R6D2JGSTg1WDsYIz47WsU9DBMeTfodL8nSO++oJSNEMPXA8C+xM8hNaJhBQ8aN\nGYbFrVcqOLga/EUb2SYT5/Mmnsr1ncPY7wQ3mzDnJoOOnyfLMWnE/DDzifEEBZrh\nBd4TIIUgK94qDyu2xc8xFSPg+IM8Wizvde4Ba6B+fmn3yMe69gS5hajN1kS77Rid\nCw5+T6z7Gq1q7ElthPUT020APTJC5YVSRRkCKC8q5FfbbaVkX5WaQmcNwqL1diUm\npirRokvLonzMv4FJAdEA+Za2gI8DPsJ8K5If13RjauxoR+d0Le4jcFpNlB1UCNfM\nYiUMnLkJZMF0encCggEBAP1sKpV9pGnRFjfmGzI77YC3Ow3paERh3FxVXaZZGTAO\nLkx0zJPLad6OJWrFv5ffv2I2lj4dd6pk+GRK+iEbkAiXzrJYTbaAcgDiCNJ36cVg\ncSBe/UzA5ixKQWhUYebbHt1mgmh9tM5a8XjL9CvGI0PPRlan2qhHfICFk46WoqD/\n9Pxs0l59hvG+jHsEWnK+8h30IzKMXO0aJwanENFwQlbr2qNH7y505XguLnDgf1Fn\nbgYtXEMK3odftFKQlSRy4Dx/TNsv5sWFfle/LknforF4W1myegP4kljGT0FymvLb\njKyHJ49DgzIdF3F1zFfMvl2es7DNlIjgmgGYhEDe0lcCggEABsXcOsmNLl+du32S\npfKvm7eyIT1SUQ5CJTdF/WkVH2Yannv5XVrFqNivhX0guelb2qGCD+je7v4pYKPN\nrPNEiXVqfm33zfEFNujcPy1KzsKuXRXC6HleibLFZcTBnUnt5JZ1Ngna7+mHlNhE\ng0q6noib4OfQxhipbY4RoikpvDSSFaeQ0DYOtClufTRj/xON5V7QoZ9VK1U7jiYi\nfa/6cnTgJIRaBfoXF2bJaRshuLmo8AcsFogVCZz92gmPqvn9FRLkvlazEQlqydMF\nF+C3rD/ybsTwqpZae/rpGRunQVYQKx/dEkZn/7uefcj22CZ9FgysC9cdjhECDwLx\nQ9SS+wKCAQAOFkQruSc5hpjglJbwbOpf3E+ZD19vZa01KL2i8JL42+Dw+REiKg2B\nhI9J5yImVBa0Y+poG4U6YJB6KrzKuFiCUcX4nfX77hnoOKha4rWI9jpznTQhXxus\nXJhUL1Sd25JUpk0bd9lkGyQPHe89u67cJxp22K/L6OVf040HQRJbNr8shPQQspOc\nvoXalLxeYoTc62RFfA3yVCDVOtYxfjcB0+x8ZRRDldXnn1GPjrslEEXKbB0T0Pfb\nuJMyf7z6oLQcSMtB5+DBHBGQ2Ry+mILXsKQLUWN88wVXj/Z54eABHfks4fpt+UfC\nsmFKOk0YmFYAqEC+1D6seSe2bP71CC3TAoIBAQClUT1t8hHXYZUJvG7sjxDiYKFm\nViJ+nwM/x5i1+SLj9RorVeS1RpgR8Jcyx8VObwTPvQsXtghkmgqDmU0yyDGccmC6\nt7H0yBx13Ob5SlpqX49vO0Hpi4o6NVgL/9oKmFvvWGVWERBs/2gtHuPFC4+bzzEL\n+eR8shkyWF4ytCjim+1oLurJszc2HZlMoQYn669eQX9+E4bRtTmtU31HbbIjhY99\nFnaHhnxkZ070sF0eAqX7J3HBmuzbnVZSflatVx6oiI3bE5Ai1glHa9WTca6J/dx3\n5CA7jXkcSQGwJbJuFxZvO9BeaqBi/Va4e2mm2YIg45bKA8iF4Sfj+7q38eUP\n-----END RSA PRIVATE KEY-----\n",
            "public_key_fingerprint_md5": "e0:f5:26:66:a6:a5:02:8b:1a:01:df:21:ab:ef:46:02",
            "public_key_openssh": "ssh-rsa AAAAB3NzaC1yc2EAAAADAQABAAACAQDGYJ2gDjBaa6JhQpZEXndXZ/EOU8nPsdWBdAKlLI7gPnS3lS0bIrTlU0lJkQZgZxudwQOvVhWFUK0IMjXJ/YiKLrR++xxox1di3Udyf1P2X/rYJ1SRCOxKwGxpRYFJAPZCkiHW3wI9gzkt0F5tXcN/9jAS26GLfgRBUtN1meRd4JfWn0kszIGW4rf8GD2IyJwBp6zX3MmEPHxDUQ/ES56v2Dnhx9E/fFbKrU3yitO54I6NtD/+Nf8ymq+Bw7C2dSTmONWte2A222dboE/unlyvhGoIlQFfeuGEEBVRDtRLRaia6aqsJOszUrMMQOzncvuPh7sjMgvzhCsn+F0cu70aHhj63z7C/zPcE6XRtWNpqMCHRr6hxVnRMugjjDm7Snhsr0B9mosLTsLJSwT8tOP/4y/p4HE1Yx4A5LbM/ECXYFUdsYtEbcdKpMLdfLQBG1GiAR9PfVzJ1RNz1jusrscE7lQtI7r4j+3UHQkOkV3Bl+sJcIKWcARj14AYX9cDDd4/w6SyvoRTJmJqiPgWzPHFOYWJSF+GZqVSbzz9f6te1WJ35UwmMEPM8Z7j4PnzkaQQCKR3rSB+HwSJbr6BqNseujrEIwBrtjOOIufHDin7mUO2kSkGcz0HtjfkrAbkeFaiHmQbDoEgHduTT4ZMjRLMtzGUc9Fk+LlbkIbrPj08cQ==\n",
            "public_key_pem": "-----BEGIN PUBLIC KEY-----\nMIICIjANBgkqhkiG9w0BAQEFAAOCAg8AMIICCgKCAgEAxmCdoA4wWmuiYUKWRF53\nV2fxDlPJz7HVgXQCpSyO4D50t5UtGyK05VNJSZEGYGcbncEDr1YVhVCtCDI1yf2I\nii60fvscaMdXYt1Hcn9T9l/62CdUkQjsSsBsaUWBSQD2QpIh1t8CPYM5LdBebV3D\nf/YwEtuhi34EQVLTdZnkXeCX1p9JLMyBluK3/Bg9iMicAaes19zJhDx8Q1EPxEue\nr9g54cfRP3xWyq1N8orTueCOjbQ//jX/MpqvgcOwtnUk5jjVrXtgNttnW6BP7p5c\nr4RqCJUBX3rhhBAVUQ7US0WomumqrCTrM1KzDEDs53L7j4e7IzIL84QrJ/hdHLu9\nGh4Y+t8+wv8z3BOl0bVjaajAh0a+ocVZ0TLoI4w5u0p4bK9AfZqLC07CyUsE/LTj\n/+Mv6eBxNWMeAOS2zPxAl2BVHbGLRG3HSqTC3Xy0ARtRogEfT31cydUTc9Y7rK7H\nBO5ULSO6+I/t1B0JDpFdwZfrCXCClnAEY9eAGF/XAw3eP8Oksr6EUyZiaoj4Fszx\nxTmFiUhfhmalUm88/X+rXtVid+VMJjBDzPGe4+D585GkEAikd60gfh8EiW6+gajb\nHro6xCMAa7YzjiLnxw4p+5lDtpEpBnM9B7Y35KwG5HhWoh5kGw6BIB3bk0+GTI0S\nzLcxlHPRZPi5W5CG6z49PHECAwEAAQ==\n-----END PUBLIC KEY-----\n",
            "rsa_bits": 4096
          },
          "sensitive_attributes": [],
          "private": "bnVsbA=="
        }
      ]
    }
  ]
}
