{
  "version": 4,
  "terraform_version": "1.0.7",
  "serial": 355,
  "lineage": "ae5b3680-a4d4-2014-802b-cc29e98a4323",
  "outputs": {},
  "resources": [
    {
      "mode": "data",
      "type": "aws_availability_zones",
      "name": "available",
      "provider": "provider[\"registry.terraform.io/hashicorp/aws\"]",
      "instances": [
        {
          "schema_version": 0,
          "attributes": {
            "all_availability_zones": null,
            "exclude_names": null,
            "exclude_zone_ids": null,
            "filter": null,
            "group_names": [
              "eu-central-1"
            ],
            "id": "eu-central-1",
            "names": [
              "eu-central-1a",
              "eu-central-1b",
              "eu-central-1c"
            ],
            "state": "available",
            "zone_ids": [
              "euc1-az2",
              "euc1-az3",
              "euc1-az1"
            ]
          },
          "sensitive_attributes": []
        }
      ]
    },
    {
      "mode": "managed",
      "type": "aws_eip",
      "name": "gw",
      "provider": "provider[\"registry.terraform.io/hashicorp/aws\"]",
      "instances": [
        {
          "index_key": 0,
          "schema_version": 0,
          "attributes": {
            "address": null,
            "allocation_id": null,
            "associate_with_private_ip": null,
            "association_id": "eipassoc-05b6afa7046b385fa",
            "carrier_ip": "",
            "customer_owned_ip": "",
            "customer_owned_ipv4_pool": "",
            "domain": "vpc",
            "id": "eipalloc-f49754f9",
            "instance": "i-0a6e5152b72acc796",
            "network_border_group": "eu-central-1",
            "network_interface": "eni-0d4e549454c6ed73f",
            "private_dns": "ip-192-168-0-231.eu-central-1.compute.internal",
            "private_ip": "192.168.0.231",
            "public_dns": "ec2-3-69-135-129.eu-central-1.compute.amazonaws.com",
            "public_ip": "3.69.135.129",
            "public_ipv4_pool": "amazon",
            "tags": {
              "Name": "Main eip 1"
            },
            "tags_all": {
              "Name": "Main eip 1"
            },
            "timeouts": null,
            "vpc": true
          },
          "sensitive_attributes": [],
          "private": "eyJlMmJmYjczMC1lY2FhLTExZTYtOGY4OC0zNDM2M2JjN2M0YzAiOnsiZGVsZXRlIjoxODAwMDAwMDAwMDAsInJlYWQiOjkwMDAwMDAwMDAwMCwidXBkYXRlIjozMDAwMDAwMDAwMDB9fQ==",
          "dependencies": [
            "aws_iam_instance_profile.ec3_profile",
            "aws_security_group.sg_allow_web",
            "aws_subnet.public",
            "data.aws_availability_zones.available",
            "aws_iam_role.s3_role",
            "aws_instance.webserver",
            "aws_key_pair.generated_key",
            "aws_security_group.sg_allow_ssh",
            "aws_vpc.main",
            "tls_private_key.RSA"
          ]
        },
        {
          "index_key": 1,
          "schema_version": 0,
          "attributes": {
            "address": null,
            "allocation_id": null,
            "associate_with_private_ip": null,
            "association_id": "eipassoc-02256ce0652bc653b",
            "carrier_ip": "",
            "customer_owned_ip": "",
            "customer_owned_ipv4_pool": "",
            "domain": "vpc",
            "id": "eipalloc-cda665c0",
            "instance": "i-082ac8e6edd522ebf",
            "network_border_group": "eu-central-1",
            "network_interface": "eni-0b1ab7078df4d698c",
            "private_dns": "ip-192-168-1-217.eu-central-1.compute.internal",
            "private_ip": "192.168.1.217",
            "public_dns": "ec2-3-66-139-66.eu-central-1.compute.amazonaws.com",
            "public_ip": "3.66.139.66",
            "public_ipv4_pool": "amazon",
            "tags": {
              "Name": "Main eip 2"
            },
            "tags_all": {
              "Name": "Main eip 2"
            },
            "timeouts": null,
            "vpc": true
          },
          "sensitive_attributes": [],
          "private": "eyJlMmJmYjczMC1lY2FhLTExZTYtOGY4OC0zNDM2M2JjN2M0YzAiOnsiZGVsZXRlIjoxODAwMDAwMDAwMDAsInJlYWQiOjkwMDAwMDAwMDAwMCwidXBkYXRlIjozMDAwMDAwMDAwMDB9fQ==",
          "dependencies": [
            "aws_security_group.sg_allow_ssh",
            "aws_subnet.public",
            "aws_iam_instance_profile.ec3_profile",
            "aws_instance.webserver",
            "aws_security_group.sg_allow_web",
            "aws_vpc.main",
            "data.aws_availability_zones.available",
            "tls_private_key.RSA",
            "aws_iam_role.s3_role",
            "aws_key_pair.generated_key"
          ]
        }
      ]
    },
    {
      "mode": "managed",
      "type": "aws_iam_instance_profile",
      "name": "ec3_profile",
      "provider": "provider[\"registry.terraform.io/hashicorp/aws\"]",
      "instances": [
        {
          "schema_version": 0,
          "attributes": {
            "arn": "arn:aws:iam::638238370001:instance-profile/ec3_profile",
            "create_date": "2021-09-27T12:11:04Z",
            "id": "ec3_profile",
            "name": "ec3_profile",
            "name_prefix": null,
            "path": "/",
            "role": "s3_readrole",
            "tags": {},
            "tags_all": {},
            "unique_id": "AIPAZJGPYVDIRO6PCVD5O"
          },
          "sensitive_attributes": [],
          "private": "bnVsbA==",
          "dependencies": [
            "aws_iam_role.s3_role"
          ]
        }
      ]
    },
    {
      "mode": "managed",
      "type": "aws_iam_policy_attachment",
      "name": "s3-attach",
      "provider": "provider[\"registry.terraform.io/hashicorp/aws\"]",
      "instances": [
        {
          "schema_version": 0,
          "attributes": {
            "groups": [],
            "id": "s3-attachment",
            "name": "s3-attachment",
            "policy_arn": "arn:aws:iam::aws:policy/AmazonS3ReadOnlyAccess",
            "roles": [
              "s3_readrole"
            ],
            "users": []
          },
          "sensitive_attributes": [],
          "private": "bnVsbA==",
          "dependencies": [
            "aws_iam_role.s3_role"
          ]
        }
      ]
    },
    {
      "mode": "managed",
      "type": "aws_iam_role",
      "name": "s3_role",
      "provider": "provider[\"registry.terraform.io/hashicorp/aws\"]",
      "instances": [
        {
          "schema_version": 0,
          "attributes": {
            "arn": "arn:aws:iam::638238370001:role/s3_readrole",
            "assume_role_policy": "{\"Version\":\"2012-10-17\",\"Statement\":[{\"Sid\":\"\",\"Effect\":\"Allow\",\"Principal\":{\"Service\":\"ec2.amazonaws.com\"},\"Action\":\"sts:AssumeRole\"}]}",
            "create_date": "2021-09-27T12:11:01Z",
            "description": "",
            "force_detach_policies": false,
            "id": "s3_readrole",
            "inline_policy": [
              {
                "name": "",
                "policy": ""
              }
            ],
            "managed_policy_arns": [
              "arn:aws:iam::aws:policy/AmazonS3FullAccess",
              "arn:aws:iam::aws:policy/AmazonS3ReadOnlyAccess"
            ],
            "max_session_duration": 3600,
            "name": "s3_readrole",
            "name_prefix": "",
            "path": "/",
            "permissions_boundary": null,
            "tags": {},
            "tags_all": {},
            "unique_id": "AROAZJGPYVDIWX6PMM6JW"
          },
          "sensitive_attributes": [],
          "private": "bnVsbA=="
        }
      ]
    },
    {
      "mode": "managed",
      "type": "aws_instance",
      "name": "webserver",
      "provider": "provider[\"registry.terraform.io/hashicorp/aws\"]",
      "instances": [
        {
          "index_key": 0,
          "schema_version": 1,
          "attributes": {
            "ami": "ami-07df274a488ca9195",
            "arn": "arn:aws:ec2:eu-central-1:638238370001:instance/i-0a6e5152b72acc796",
            "associate_public_ip_address": true,
            "availability_zone": "eu-central-1a",
            "capacity_reservation_specification": [
              {
                "capacity_reservation_preference": "open",
                "capacity_reservation_target": []
              }
            ],
            "cpu_core_count": 1,
            "cpu_threads_per_core": 1,
            "credit_specification": [
              {
                "cpu_credits": "standard"
              }
            ],
            "disable_api_termination": false,
            "ebs_block_device": [],
            "ebs_optimized": false,
            "enclave_options": [
              {
                "enabled": false
              }
            ],
            "ephemeral_block_device": [],
            "get_password_data": false,
            "hibernation": false,
            "host_id": null,
            "iam_instance_profile": "ec3_profile",
            "id": "i-0a6e5152b72acc796",
            "instance_initiated_shutdown_behavior": "stop",
            "instance_state": "running",
            "instance_type": "t2.micro",
            "ipv6_address_count": 0,
            "ipv6_addresses": [],
            "key_name": "main_key",
            "launch_template": [],
            "metadata_options": [
              {
                "http_endpoint": "enabled",
                "http_put_response_hop_limit": 1,
                "http_tokens": "optional"
              }
            ],
            "monitoring": false,
            "network_interface": [],
            "outpost_arn": "",
            "password_data": "",
            "placement_group": "",
            "primary_network_interface_id": "eni-0d4e549454c6ed73f",
            "private_dns": "ip-192-168-0-231.eu-central-1.compute.internal",
            "private_ip": "192.168.0.231",
            "public_dns": "ec2-3-69-135-129.eu-central-1.compute.amazonaws.com",
            "public_ip": "3.69.135.129",
            "root_block_device": [
              {
                "delete_on_termination": true,
                "device_name": "/dev/xvda",
                "encrypted": false,
                "iops": 100,
                "kms_key_id": "",
                "tags": {},
                "throughput": 0,
                "volume_id": "vol-0d4aad04975c2d5af",
                "volume_size": 8,
                "volume_type": "gp2"
              }
            ],
            "secondary_private_ips": [],
            "security_groups": [],
            "source_dest_check": true,
            "subnet_id": "subnet-087a6af19fed50ec5",
            "tags": {
              "Name": "Web Server 1"
            },
            "tags_all": {
              "Name": "Web Server 1"
            },
            "tenancy": "default",
            "timeouts": null,
            "user_data": "51acf27b3ef46e13579a56b5d674061c6df7f42f",
            "user_data_base64": null,
            "volume_tags": null,
            "vpc_security_group_ids": [
              "sg-086e4eef69f8729fb",
              "sg-09e5ce2f08c95ec13"
            ]
          },
          "sensitive_attributes": [],
          "private": "eyJlMmJmYjczMC1lY2FhLTExZTYtOGY4OC0zNDM2M2JjN2M0YzAiOnsiY3JlYXRlIjo2MDAwMDAwMDAwMDAsImRlbGV0ZSI6MTIwMDAwMDAwMDAwMCwidXBkYXRlIjo2MDAwMDAwMDAwMDB9LCJzY2hlbWFfdmVyc2lvbiI6IjEifQ==",
          "dependencies": [
            "aws_iam_instance_profile.ec3_profile",
            "aws_key_pair.generated_key",
            "aws_security_group.sg_allow_web",
            "data.aws_availability_zones.available",
            "aws_iam_role.s3_role",
            "aws_security_group.sg_allow_ssh",
            "aws_subnet.public",
            "aws_vpc.main",
            "tls_private_key.RSA"
          ]
        },
        {
          "index_key": 1,
          "schema_version": 1,
          "attributes": {
            "ami": "ami-07df274a488ca9195",
            "arn": "arn:aws:ec2:eu-central-1:638238370001:instance/i-082ac8e6edd522ebf",
            "associate_public_ip_address": true,
            "availability_zone": "eu-central-1b",
            "capacity_reservation_specification": [
              {
                "capacity_reservation_preference": "open",
                "capacity_reservation_target": []
              }
            ],
            "cpu_core_count": 1,
            "cpu_threads_per_core": 1,
            "credit_specification": [
              {
                "cpu_credits": "standard"
              }
            ],
            "disable_api_termination": false,
            "ebs_block_device": [],
            "ebs_optimized": false,
            "enclave_options": [
              {
                "enabled": false
              }
            ],
            "ephemeral_block_device": [],
            "get_password_data": false,
            "hibernation": false,
            "host_id": null,
            "iam_instance_profile": "ec3_profile",
            "id": "i-082ac8e6edd522ebf",
            "instance_initiated_shutdown_behavior": "stop",
            "instance_state": "running",
            "instance_type": "t2.micro",
            "ipv6_address_count": 0,
            "ipv6_addresses": [],
            "key_name": "main_key",
            "launch_template": [],
            "metadata_options": [
              {
                "http_endpoint": "enabled",
                "http_put_response_hop_limit": 1,
                "http_tokens": "optional"
              }
            ],
            "monitoring": false,
            "network_interface": [],
            "outpost_arn": "",
            "password_data": "",
            "placement_group": "",
            "primary_network_interface_id": "eni-0b1ab7078df4d698c",
            "private_dns": "ip-192-168-1-217.eu-central-1.compute.internal",
            "private_ip": "192.168.1.217",
            "public_dns": "ec2-3-66-139-66.eu-central-1.compute.amazonaws.com",
            "public_ip": "3.66.139.66",
            "root_block_device": [
              {
                "delete_on_termination": true,
                "device_name": "/dev/xvda",
                "encrypted": false,
                "iops": 100,
                "kms_key_id": "",
                "tags": {},
                "throughput": 0,
                "volume_id": "vol-090f7d0c665445ab8",
                "volume_size": 8,
                "volume_type": "gp2"
              }
            ],
            "secondary_private_ips": [],
            "security_groups": [],
            "source_dest_check": true,
            "subnet_id": "subnet-08438925f5a12bd94",
            "tags": {
              "Name": "Web Server 2"
            },
            "tags_all": {
              "Name": "Web Server 2"
            },
            "tenancy": "default",
            "timeouts": null,
            "user_data": "51acf27b3ef46e13579a56b5d674061c6df7f42f",
            "user_data_base64": null,
            "volume_tags": null,
            "vpc_security_group_ids": [
              "sg-086e4eef69f8729fb",
              "sg-09e5ce2f08c95ec13"
            ]
          },
          "sensitive_attributes": [],
          "private": "eyJlMmJmYjczMC1lY2FhLTExZTYtOGY4OC0zNDM2M2JjN2M0YzAiOnsiY3JlYXRlIjo2MDAwMDAwMDAwMDAsImRlbGV0ZSI6MTIwMDAwMDAwMDAwMCwidXBkYXRlIjo2MDAwMDAwMDAwMDB9LCJzY2hlbWFfdmVyc2lvbiI6IjEifQ==",
          "dependencies": [
            "aws_subnet.public",
            "tls_private_key.RSA",
            "aws_iam_instance_profile.ec3_profile",
            "aws_iam_role.s3_role",
            "aws_key_pair.generated_key",
            "aws_security_group.sg_allow_ssh",
            "aws_security_group.sg_allow_web",
            "aws_vpc.main",
            "data.aws_availability_zones.available"
          ]
        }
      ]
    },
    {
      "mode": "managed",
      "type": "aws_internet_gateway",
      "name": "main_gw",
      "provider": "provider[\"registry.terraform.io/hashicorp/aws\"]",
      "instances": [
        {
          "schema_version": 0,
          "attributes": {
            "arn": "arn:aws:ec2:eu-central-1:638238370001:internet-gateway/igw-012952a01bbf44c4a",
            "id": "igw-012952a01bbf44c4a",
            "owner_id": "638238370001",
            "tags": {
              "Name": "Main_gw"
            },
            "tags_all": {
              "Name": "Main_gw"
            },
            "vpc_id": "vpc-0a702d37ca419edff"
          },
          "sensitive_attributes": [],
          "private": "bnVsbA==",
          "dependencies": [
            "aws_vpc.main"
          ]
        }
      ]
    },
    {
      "mode": "managed",
      "type": "aws_key_pair",
      "name": "generated_key",
      "provider": "provider[\"registry.terraform.io/hashicorp/aws\"]",
      "instances": [
        {
          "schema_version": 1,
          "attributes": {
            "arn": "arn:aws:ec2:eu-central-1:638238370001:key-pair/main_key",
            "fingerprint": "4e:7f:17:00:6f:f4:2e:e9:30:94:53:2a:cc:2c:75:b6",
            "id": "main_key",
            "key_name": "main_key",
            "key_name_prefix": null,
            "key_pair_id": "key-084c8e9890a2a8281",
            "public_key": "ssh-rsa AAAAB3NzaC1yc2EAAAADAQABAAACAQDEipyDF3ikCM7AxkehrhRez+JzoK4TQnDF5MQN3VUzLPwj9jbhOXAIKwO7/pcI1htCwCyxdIVXNQzlG03X1b2MjJHcQjqdhFI4VDipT4HXV9cai80XomGheRnveHVWQX3fCwftwJXcQ3v0qQvIxluOIg6Smv140d+V8KxchC56i14l/ZAjgdODDCeYXY41iG/Ii9L4a01LsmDq88Ugn9qKLXSDiwRKrKB0ufDYtIx6DAzNW5jqtQCxUyedcNlIrdB0VcQoUpCHPd0aXGFRzDTu32n7n+2X5hA921hpzmkMj8TrNEEhLUzeKP/AAiyxXlMYIC1Fwx1SFUBIwyJ6EgI4Q6DtPA7rj2YritxZpifwklkSSWmWKIju49rW94X1j0qAQN3l+aKkQ85Y6LBIjjRreBG+ZbHF0viwInldl0aKs7c+Kyk7X+sMjphoF27BNOJGOWXKx+A9/qeKo0FBiQRpKFoiuUpZDulzfZGyHTQZDbth2lffdBT0s0a+l1CL2hliyXiajZaB8rH2rJVED0HJnSzEYGiDuUqclN9avKeXo/pwW+il6opBNJnrz52A9nVy3F/b/pb8CLU19upZf2hG1NjDuifvU7gXaWAjSkOABnERP6WTgW3qi1G7nwsP/P8Y6iZnE0j3Wd8oDmyBIuhE4tCZ/nlxBI23Bc73LDhbbw==",
            "tags": {},
            "tags_all": {}
          },
          "sensitive_attributes": [],
          "private": "eyJzY2hlbWFfdmVyc2lvbiI6IjEifQ==",
          "dependencies": [
            "tls_private_key.RSA"
          ]
        }
      ]
    },
    {
      "mode": "managed",
      "type": "aws_lb",
      "name": "httplb",
      "provider": "provider[\"registry.terraform.io/hashicorp/aws\"]",
      "instances": [
        {
          "schema_version": 0,
          "attributes": {
            "access_logs": [
              {
                "bucket": "kromelkylblogsbucket",
                "enabled": true,
                "prefix": "httplb"
              }
            ],
            "arn": "arn:aws:elasticloadbalancing:eu-central-1:638238370001:loadbalancer/app/httplb/a9813068de72f35d",
            "arn_suffix": "app/httplb/a9813068de72f35d",
            "customer_owned_ipv4_pool": "",
            "dns_name": "httplb-381945213.eu-central-1.elb.amazonaws.com",
            "drop_invalid_header_fields": false,
            "enable_cross_zone_load_balancing": null,
            "enable_deletion_protection": true,
            "enable_http2": true,
            "id": "arn:aws:elasticloadbalancing:eu-central-1:638238370001:loadbalancer/app/httplb/a9813068de72f35d",
            "idle_timeout": 60,
            "internal": false,
            "ip_address_type": "ipv4",
            "load_balancer_type": "application",
            "name": "httplb",
            "name_prefix": null,
            "security_groups": [
              "sg-09e5ce2f08c95ec13"
            ],
            "subnet_mapping": [
              {
                "allocation_id": "",
                "ipv6_address": "",
                "outpost_id": "",
                "private_ipv4_address": "",
                "subnet_id": "subnet-08438925f5a12bd94"
              },
              {
                "allocation_id": "",
                "ipv6_address": "",
                "outpost_id": "",
                "private_ipv4_address": "",
                "subnet_id": "subnet-087a6af19fed50ec5"
              }
            ],
            "subnets": [
              "subnet-08438925f5a12bd94",
              "subnet-087a6af19fed50ec5"
            ],
            "tags": {},
            "tags_all": {},
            "timeouts": null,
            "vpc_id": "vpc-0a702d37ca419edff",
            "zone_id": "Z215JYRZR1TBD5"
          },
          "sensitive_attributes": [],
          "private": "eyJlMmJmYjczMC1lY2FhLTExZTYtOGY4OC0zNDM2M2JjN2M0YzAiOnsiY3JlYXRlIjo2MDAwMDAwMDAwMDAsImRlbGV0ZSI6NjAwMDAwMDAwMDAwLCJ1cGRhdGUiOjYwMDAwMDAwMDAwMH19",
          "dependencies": [
            "data.aws_availability_zones.available",
            "aws_s3_bucket.kromelkylblogsbucket",
            "aws_security_group.sg_allow_web",
            "aws_subnet.public",
            "aws_vpc.main"
          ]
        }
      ]
    },
    {
      "mode": "managed",
      "type": "aws_route_table",
      "name": "rt",
      "provider": "provider[\"registry.terraform.io/hashicorp/aws\"]",
      "instances": [
        {
          "schema_version": 0,
          "attributes": {
            "arn": "arn:aws:ec2:eu-central-1:638238370001:route-table/rtb-0f8229c3d808bdee6",
            "id": "rtb-0f8229c3d808bdee6",
            "owner_id": "638238370001",
            "propagating_vgws": [],
            "route": [
              {
                "carrier_gateway_id": "",
                "cidr_block": "0.0.0.0/0",
                "destination_prefix_list_id": "",
                "egress_only_gateway_id": "",
                "gateway_id": "igw-012952a01bbf44c4a",
                "instance_id": "",
                "ipv6_cidr_block": "",
                "local_gateway_id": "",
                "nat_gateway_id": "",
                "network_interface_id": "",
                "transit_gateway_id": "",
                "vpc_endpoint_id": "",
                "vpc_peering_connection_id": ""
              }
            ],
            "tags": {
              "Name": "main_rt"
            },
            "tags_all": {
              "Name": "main_rt"
            },
            "vpc_id": "vpc-0a702d37ca419edff"
          },
          "sensitive_attributes": [],
          "private": "bnVsbA==",
          "dependencies": [
            "aws_internet_gateway.main_gw",
            "aws_vpc.main"
          ]
        }
      ]
    },
    {
      "mode": "managed",
      "type": "aws_route_table_association",
      "name": "public",
      "provider": "provider[\"registry.terraform.io/hashicorp/aws\"]",
      "instances": [
        {
          "index_key": 0,
          "schema_version": 0,
          "attributes": {
            "gateway_id": "",
            "id": "rtbassoc-04736ae24b814eeeb",
            "route_table_id": "rtb-0f8229c3d808bdee6",
            "subnet_id": "subnet-087a6af19fed50ec5"
          },
          "sensitive_attributes": [],
          "private": "bnVsbA==",
          "dependencies": [
            "aws_route_table.rt",
            "aws_subnet.public",
            "aws_vpc.main",
            "data.aws_availability_zones.available",
            "aws_internet_gateway.main_gw"
          ]
        },
        {
          "index_key": 1,
          "schema_version": 0,
          "attributes": {
            "gateway_id": "",
            "id": "rtbassoc-046dfdd89e9c02520",
            "route_table_id": "rtb-0f8229c3d808bdee6",
            "subnet_id": "subnet-08438925f5a12bd94"
          },
          "sensitive_attributes": [],
          "private": "bnVsbA==",
          "dependencies": [
            "aws_internet_gateway.main_gw",
            "aws_route_table.rt",
            "aws_subnet.public",
            "aws_vpc.main",
            "data.aws_availability_zones.available"
          ]
        }
      ]
    },
    {
      "mode": "managed",
      "type": "aws_s3_bucket",
      "name": "kromelkylblogsbucket",
      "provider": "provider[\"registry.terraform.io/hashicorp/aws\"]",
      "instances": [
        {
          "schema_version": 0,
          "attributes": {
            "acceleration_status": "",
            "acl": "log-delivery-write",
            "arn": "arn:aws:s3:::kromelkylblogsbucket",
            "bucket": "kromelkylblogsbucket",
            "bucket_domain_name": "kromelkylblogsbucket.s3.amazonaws.com",
            "bucket_prefix": null,
            "bucket_regional_domain_name": "kromelkylblogsbucket.s3.eu-central-1.amazonaws.com",
            "cors_rule": [],
            "force_destroy": false,
            "grant": [],
            "hosted_zone_id": "Z21DNDUVLTQW6Q",
            "id": "kromelkylblogsbucket",
            "lifecycle_rule": [],
            "logging": [],
            "object_lock_configuration": [],
            "policy": null,
            "region": "eu-central-1",
            "replication_configuration": [],
            "request_payer": "BucketOwner",
            "server_side_encryption_configuration": [],
            "tags": {},
            "tags_all": {},
            "versioning": [
              {
                "enabled": false,
                "mfa_delete": false
              }
            ],
            "website": [],
            "website_domain": null,
            "website_endpoint": null
          },
          "sensitive_attributes": [],
          "private": "bnVsbA=="
        }
      ]
    },
    {
      "mode": "managed",
      "type": "aws_security_group",
      "name": "sg_allow_ssh",
      "provider": "provider[\"registry.terraform.io/hashicorp/aws\"]",
      "instances": [
        {
          "schema_version": 1,
          "attributes": {
            "arn": "arn:aws:ec2:eu-central-1:638238370001:security-group/sg-086e4eef69f8729fb",
            "description": "Allow ssh inbound traffic",
            "egress": [
              {
                "cidr_blocks": [
                  "0.0.0.0/0"
                ],
                "description": "Any output",
                "from_port": 0,
                "ipv6_cidr_blocks": [],
                "prefix_list_ids": [],
                "protocol": "-1",
                "security_groups": [],
                "self": false,
                "to_port": 0
              }
            ],
            "id": "sg-086e4eef69f8729fb",
            "ingress": [
              {
                "cidr_blocks": [
                  "0.0.0.0/0"
                ],
                "description": "SSH from VPC",
                "from_port": 22,
                "ipv6_cidr_blocks": [],
                "prefix_list_ids": [],
                "protocol": "tcp",
                "security_groups": [],
                "self": false,
                "to_port": 22
              }
            ],
            "name": "ssh",
            "name_prefix": "",
            "owner_id": "638238370001",
            "revoke_rules_on_delete": false,
            "tags": {
              "Name": "allow_ssh"
            },
            "tags_all": {
              "Name": "allow_ssh"
            },
            "timeouts": null,
            "vpc_id": "vpc-0a702d37ca419edff"
          },
          "sensitive_attributes": [],
          "private": "eyJlMmJmYjczMC1lY2FhLTExZTYtOGY4OC0zNDM2M2JjN2M0YzAiOnsiY3JlYXRlIjo2MDAwMDAwMDAwMDAsImRlbGV0ZSI6OTAwMDAwMDAwMDAwfSwic2NoZW1hX3ZlcnNpb24iOiIxIn0=",
          "dependencies": [
            "aws_vpc.main"
          ]
        }
      ]
    },
    {
      "mode": "managed",
      "type": "aws_security_group",
      "name": "sg_allow_web",
      "provider": "provider[\"registry.terraform.io/hashicorp/aws\"]",
      "instances": [
        {
          "schema_version": 1,
          "attributes": {
            "arn": "arn:aws:ec2:eu-central-1:638238370001:security-group/sg-09e5ce2f08c95ec13",
            "description": "Allow HTTP inbound traffic",
            "egress": [
              {
                "cidr_blocks": [
                  "0.0.0.0/0"
                ],
                "description": "Any output",
                "from_port": 0,
                "ipv6_cidr_blocks": [],
                "prefix_list_ids": [],
                "protocol": "-1",
                "security_groups": [],
                "self": false,
                "to_port": 0
              }
            ],
            "id": "sg-09e5ce2f08c95ec13",
            "ingress": [
              {
                "cidr_blocks": [
                  "0.0.0.0/0"
                ],
                "description": "HTTP from VPC",
                "from_port": 80,
                "ipv6_cidr_blocks": [],
                "prefix_list_ids": [],
                "protocol": "tcp",
                "security_groups": [],
                "self": false,
                "to_port": 80
              }
            ],
            "name": "allow_http",
            "name_prefix": "",
            "owner_id": "638238370001",
            "revoke_rules_on_delete": false,
            "tags": {
              "Name": "allow_http/https"
            },
            "tags_all": {
              "Name": "allow_http/https"
            },
            "timeouts": null,
            "vpc_id": "vpc-0a702d37ca419edff"
          },
          "sensitive_attributes": [],
          "private": "eyJlMmJmYjczMC1lY2FhLTExZTYtOGY4OC0zNDM2M2JjN2M0YzAiOnsiY3JlYXRlIjo2MDAwMDAwMDAwMDAsImRlbGV0ZSI6OTAwMDAwMDAwMDAwfSwic2NoZW1hX3ZlcnNpb24iOiIxIn0=",
          "dependencies": [
            "aws_vpc.main"
          ]
        }
      ]
    },
    {
      "mode": "managed",
      "type": "aws_subnet",
      "name": "public",
      "provider": "provider[\"registry.terraform.io/hashicorp/aws\"]",
      "instances": [
        {
          "index_key": 0,
          "schema_version": 1,
          "attributes": {
            "arn": "arn:aws:ec2:eu-central-1:638238370001:subnet/subnet-087a6af19fed50ec5",
            "assign_ipv6_address_on_creation": false,
            "availability_zone": "eu-central-1a",
            "availability_zone_id": "euc1-az2",
            "cidr_block": "192.168.0.0/24",
            "customer_owned_ipv4_pool": "",
            "id": "subnet-087a6af19fed50ec5",
            "ipv6_cidr_block": "",
            "ipv6_cidr_block_association_id": "",
            "map_customer_owned_ip_on_launch": false,
            "map_public_ip_on_launch": false,
            "outpost_arn": "",
            "owner_id": "638238370001",
            "tags": {
              "Name": "192.168.0.0/24"
            },
            "tags_all": {
              "Name": "192.168.0.0/24"
            },
            "timeouts": null,
            "vpc_id": "vpc-0a702d37ca419edff"
          },
          "sensitive_attributes": [],
          "private": "eyJlMmJmYjczMC1lY2FhLTExZTYtOGY4OC0zNDM2M2JjN2M0YzAiOnsiY3JlYXRlIjo2MDAwMDAwMDAwMDAsImRlbGV0ZSI6MTIwMDAwMDAwMDAwMH0sInNjaGVtYV92ZXJzaW9uIjoiMSJ9",
          "dependencies": [
            "aws_vpc.main",
            "data.aws_availability_zones.available"
          ]
        },
        {
          "index_key": 1,
          "schema_version": 1,
          "attributes": {
            "arn": "arn:aws:ec2:eu-central-1:638238370001:subnet/subnet-08438925f5a12bd94",
            "assign_ipv6_address_on_creation": false,
            "availability_zone": "eu-central-1b",
            "availability_zone_id": "euc1-az3",
            "cidr_block": "192.168.1.0/24",
            "customer_owned_ipv4_pool": "",
            "id": "subnet-08438925f5a12bd94",
            "ipv6_cidr_block": "",
            "ipv6_cidr_block_association_id": "",
            "map_customer_owned_ip_on_launch": false,
            "map_public_ip_on_launch": false,
            "outpost_arn": "",
            "owner_id": "638238370001",
            "tags": {
              "Name": "192.168.1.0/24"
            },
            "tags_all": {
              "Name": "192.168.1.0/24"
            },
            "timeouts": null,
            "vpc_id": "vpc-0a702d37ca419edff"
          },
          "sensitive_attributes": [],
          "private": "eyJlMmJmYjczMC1lY2FhLTExZTYtOGY4OC0zNDM2M2JjN2M0YzAiOnsiY3JlYXRlIjo2MDAwMDAwMDAwMDAsImRlbGV0ZSI6MTIwMDAwMDAwMDAwMH0sInNjaGVtYV92ZXJzaW9uIjoiMSJ9",
          "dependencies": [
            "aws_vpc.main",
            "data.aws_availability_zones.available"
          ]
        }
      ]
    },
    {
      "mode": "managed",
      "type": "aws_vpc",
      "name": "main",
      "provider": "provider[\"registry.terraform.io/hashicorp/aws\"]",
      "instances": [
        {
          "schema_version": 1,
          "attributes": {
            "arn": "arn:aws:ec2:eu-central-1:638238370001:vpc/vpc-0a702d37ca419edff",
            "assign_generated_ipv6_cidr_block": false,
            "cidr_block": "192.168.0.0/16",
            "default_network_acl_id": "acl-00cce7b10c30e2d2c",
            "default_route_table_id": "rtb-0b9eace3a94a71fd2",
            "default_security_group_id": "sg-0f793f5e65097c233",
            "dhcp_options_id": "dopt-c6a8c7ac",
            "enable_classiclink": null,
            "enable_classiclink_dns_support": null,
            "enable_dns_hostnames": true,
            "enable_dns_support": true,
            "id": "vpc-0a702d37ca419edff",
            "instance_tenancy": "default",
            "ipv6_association_id": "",
            "ipv6_cidr_block": "",
            "main_route_table_id": "rtb-0b9eace3a94a71fd2",
            "owner_id": "638238370001",
            "tags": {
              "Name": "mainvpc"
            },
            "tags_all": {
              "Name": "mainvpc"
            }
          },
          "sensitive_attributes": [],
          "private": "eyJzY2hlbWFfdmVyc2lvbiI6IjEifQ=="
        }
      ]
    },
    {
      "mode": "managed",
      "type": "local_file",
      "name": "pem_file",
      "provider": "provider[\"registry.terraform.io/hashicorp/local\"]",
      "instances": [
        {
          "schema_version": 0,
          "attributes": {
            "content": null,
            "content_base64": null,
            "directory_permission": "700",
            "file_permission": "600",
            "filename": "C:\\Users\\Gusarov312\\.ssh\\main_key.pem",
            "id": "c34fd61638043b0f04eb12b833527b03664505ad",
            "sensitive_content": "-----BEGIN RSA PRIVATE KEY-----\nMIIJJwIBAAKCAgEAxIqcgxd4pAjOwMZHoa4UXs/ic6CuE0JwxeTEDd1VMyz8I/Y2\n4TlwCCsDu/6XCNYbQsAssXSFVzUM5RtN19W9jIyR3EI6nYRSOFQ4qU+B11fXGovN\nF6JhoXkZ73h1VkF93wsH7cCV3EN79KkLyMZbjiIOkpr9eNHflfCsXIQueoteJf2Q\nI4HTgwwnmF2ONYhvyIvS+GtNS7Jg6vPFIJ/aii10g4sESqygdLnw2LSMegwMzVuY\n6rUAsVMnnXDZSK3QdFXEKFKQhz3dGlxhUcw07t9p+5/tl+YQPdtYac5pDI/E6zRB\nIS1M3ij/wAIssV5TGCAtRcMdUhVASMMiehICOEOg7TwO649mK4rcWaYn8JJZEklp\nliiI7uPa1veF9Y9KgEDd5fmipEPOWOiwSI40a3gRvmWxxdL4sCJ5XZdGirO3Pisp\nO1/rDI6YaBduwTTiRjllysfgPf6niqNBQYkEaShaIrlKWQ7pc32Rsh00GQ27YdpX\n33QU9LNGvpdQi9oZYsl4mo2WgfKx9qyVRA9ByZ0sxGBog7lKnJTfWrynl6P6cFvo\npeqKQTSZ68+dgPZ1ctxf2/6W/Ai1NfbqWX9oRtTYw7on71O4F2lgI0pDgAZxET+l\nk4Ft6otRu58LD/z/GOomZxNI91nfKA5sgSLoROLQmf55cQSNtwXO9yw4W28CAwEA\nAQKCAgAxHRY5aA8cpprL74CM9YxfmQFUta1qYKr/uMgJUursi+xCLE/QfmLxl5Yq\nT1d8vMw5JP7GJYEApuAfDHCqY94nFiWI7f/pxtwo+VrjbFvc7TVyi8bnhgtxp2qE\nvgxMTrdemkoT7pFEZpS+MdQhCvhsDzSnDBYVMBT4Shk4UUuwEc2oHrH7PYEWeV4X\npCFaXUrZyZ8htuas6NlxPRNgsLGS4AMCsCWVZ4f9Q03dSVjlUseMNbyDwlF2/nmi\nzUVu9QhnWdtX3DIDqcDrynQDVc1QeAHrAC8GS1Z5rqtsXUlA+1hRElDIMqLHzWUD\nnUd/1ztahwfpK/XSwj67MBAYgxGMf3ZL20CCeAySGJyh9QgKc98tlcNfwaq3i4nj\nwFKFF8neenj/cchcdFn2jNs+0+3PDFgmYyqnNRfN4vyjAFilPMhDi333qEK1nX18\n6zKxxm46BEw+HR1+qE10bMLh/7mW7RvfbDlVWRh6YZOM17848No0pPz2N11UBpbW\n2f/vng3o+7VagVDQSepS3PDIXGyWncLalm0AXwYTElPHsM362c2F4uXNEKC6Z0Lo\nkGy1SlWze24kZ5n1puvLZpoLTqmJ0UzfH1dj7l9mVSImzHSBKXLfzNJ+pVgwbHy0\nqZhrZ6Jsu0ecfNIRzcaRy0K48ZV/6kk7C8vGlvDk+sHBZSzIOQKCAQEA79UxVGZY\nHwyJln2DZf2i8QHGGOiPa1bf0d2C/Cc4sTZXUMMg60trJpF4p2+Gi+kWgfziEJyS\nvPCe+diOjapVVm2UzeowT359URbqpRWpHGsr/F5uGSqBwSbQtZ/zqQTSx7SHCDE3\n7gsueuDNqeMKsQLhm0ifyPle6iIHyRkrynC9iD1U54Q3Ije+fdjQFa+UH773qPTs\n+lnUacU2Q/End6PdET6tQhzZ4jZP19/tbJUlkNPNhlMAXPg7RMmg9UrmfFtu8cxT\n8RI+OWpQBRtNxUCGNI5BhkPb7ZaLnVAmvDwKGF+amjgwfGBMwCRckfGEaeD9cljr\nR0mRPXNt3b4q6wKCAQEA0cpWel8ohmvjXsuP3c+NxLSkkmfl6XEBG3CfbsZGh+bi\n6xRQrn2EWp3rQy3JMmILiXAvZObEgvPvCbtV/HAuNstyQDHRBSnccSa54jbgdeFQ\nENF9JNQ4e+caN0whhLc/3GPyYjF5gNF1s8yJzDaEtV2cUVrTHe33PCHUuiIHQfwK\nOc0cvuu8LfX+m2HA2Sbdlmqm+jSIqUyh1U1aADqUASBamsf8FxZVrIA3y3Okl5HV\ncenBYNv3R7xBVESs1gJLdtnlN02wxe9iaNYcErF2zN+tNAqeuDNkkG024UcIk/jX\nPOEkSPFI7Fb8qpws8KdxzTA+SbX4ivS1aXY3ndIojQKCAQAOdlyzKjjGJotld8wk\nqlbZEbJQbjW301VL4n+zlOnmRdCeHiYuCi479SnBbwg+B6BD1mwLdGWk3x23E0gF\nYvAidhkzEZw4Lvh/m1IrAlNgU1Yjsc4R1m5cp2qOiUa4OoI7aLd71vv4btQutL+y\nLu7GHdZc9tQr2l3O4J53kf0CCCplvM0R6PcqKRJjpF9n716PS4TDu4FO13vnpOzQ\nzAoFPOxnzc/E3NiGu5+09NvsYFITmbIbF4Y+FPn9++qo4AtmFF1sV1X4g5EdBTwu\nEqdt7aYqJSnuXsk0Wo+wvNSZJUW2ko1QH3NNDMGUFJ1Ab7/8YoTmEFafxd/sRLmr\nVXxhAoIBAEK2zqNhqXh9zLNzlo+aFmJMc91fDv0ag5ifSwQmJ33GTbkmH7Ytki5i\n89LMN6Q/C54sP9YdkLZ4LjbxDRoW7otcTTve27KBqmmNQCWQ//ZcrWJ7zAkvN7sn\nNe4J1srmn3dNjWHui84MThrcW6HGYJNwbmpssKBe8XV86LI8agRwyyuwb4jDXHdd\nOBdfkb08n9Dan7kHhcIY7YnwbEOQXUqyaD26hQ8uehY+PAAGCXxt0uvDw0wzB0MX\nucq7gB8aYbcs+biJi0KWqrveAtVq+/WQ1/qpuemn5j4LjR08wpyT0Ja6nhhYKrGF\nxBnZSm1JQmZXBifYp25A/YPJJUyZ7W0CggEAaJstAWWvxTMR+drsnGzj1H9enPYV\n+HyVYimJg7BeETmK2CDK2pUpL33KwwUGQTpC3oHsFSXQge90qThL6xW+h3Hw0BPX\ntjEYwFnnqY7bSlIiuZhK5RgO9+XnnwbSs6pkFacJIk4hEZDDm6ub89Hj0GUWsmlZ\nYRFPNbspWfkL/dDt462+zoe421derCjw1pq0VJhbCjWrgxEYSTN19D49Zq43Hj6/\nWzyh54PgQi9vIT06AucHv6NoAXYxJqTSt+XQN55QhNavWOHqbey48W+TJMAvdRXP\nzKN+xHL64G3uTKs3JC7dBZlVYbR0vFZziQyW4YZFAjB6yRB+2hh0k7R/6w==\n-----END RSA PRIVATE KEY-----\n",
            "source": null
          },
          "sensitive_attributes": [
            [
              {
                "type": "get_attr",
                "value": "sensitive_content"
              }
            ]
          ],
          "private": "bnVsbA==",
          "dependencies": [
            "aws_key_pair.generated_key",
            "tls_private_key.RSA"
          ]
        }
      ]
    },
    {
      "mode": "managed",
      "type": "tls_private_key",
      "name": "RSA",
      "provider": "provider[\"registry.terraform.io/hashicorp/tls\"]",
      "instances": [
        {
          "schema_version": 0,
          "attributes": {
            "algorithm": "RSA",
            "ecdsa_curve": "P224",
            "id": "a32bd0c24546e30216122a92ed8091d1f8e9b893",
            "private_key_pem": "-----BEGIN RSA PRIVATE KEY-----\nMIIJJwIBAAKCAgEAxIqcgxd4pAjOwMZHoa4UXs/ic6CuE0JwxeTEDd1VMyz8I/Y2\n4TlwCCsDu/6XCNYbQsAssXSFVzUM5RtN19W9jIyR3EI6nYRSOFQ4qU+B11fXGovN\nF6JhoXkZ73h1VkF93wsH7cCV3EN79KkLyMZbjiIOkpr9eNHflfCsXIQueoteJf2Q\nI4HTgwwnmF2ONYhvyIvS+GtNS7Jg6vPFIJ/aii10g4sESqygdLnw2LSMegwMzVuY\n6rUAsVMnnXDZSK3QdFXEKFKQhz3dGlxhUcw07t9p+5/tl+YQPdtYac5pDI/E6zRB\nIS1M3ij/wAIssV5TGCAtRcMdUhVASMMiehICOEOg7TwO649mK4rcWaYn8JJZEklp\nliiI7uPa1veF9Y9KgEDd5fmipEPOWOiwSI40a3gRvmWxxdL4sCJ5XZdGirO3Pisp\nO1/rDI6YaBduwTTiRjllysfgPf6niqNBQYkEaShaIrlKWQ7pc32Rsh00GQ27YdpX\n33QU9LNGvpdQi9oZYsl4mo2WgfKx9qyVRA9ByZ0sxGBog7lKnJTfWrynl6P6cFvo\npeqKQTSZ68+dgPZ1ctxf2/6W/Ai1NfbqWX9oRtTYw7on71O4F2lgI0pDgAZxET+l\nk4Ft6otRu58LD/z/GOomZxNI91nfKA5sgSLoROLQmf55cQSNtwXO9yw4W28CAwEA\nAQKCAgAxHRY5aA8cpprL74CM9YxfmQFUta1qYKr/uMgJUursi+xCLE/QfmLxl5Yq\nT1d8vMw5JP7GJYEApuAfDHCqY94nFiWI7f/pxtwo+VrjbFvc7TVyi8bnhgtxp2qE\nvgxMTrdemkoT7pFEZpS+MdQhCvhsDzSnDBYVMBT4Shk4UUuwEc2oHrH7PYEWeV4X\npCFaXUrZyZ8htuas6NlxPRNgsLGS4AMCsCWVZ4f9Q03dSVjlUseMNbyDwlF2/nmi\nzUVu9QhnWdtX3DIDqcDrynQDVc1QeAHrAC8GS1Z5rqtsXUlA+1hRElDIMqLHzWUD\nnUd/1ztahwfpK/XSwj67MBAYgxGMf3ZL20CCeAySGJyh9QgKc98tlcNfwaq3i4nj\nwFKFF8neenj/cchcdFn2jNs+0+3PDFgmYyqnNRfN4vyjAFilPMhDi333qEK1nX18\n6zKxxm46BEw+HR1+qE10bMLh/7mW7RvfbDlVWRh6YZOM17848No0pPz2N11UBpbW\n2f/vng3o+7VagVDQSepS3PDIXGyWncLalm0AXwYTElPHsM362c2F4uXNEKC6Z0Lo\nkGy1SlWze24kZ5n1puvLZpoLTqmJ0UzfH1dj7l9mVSImzHSBKXLfzNJ+pVgwbHy0\nqZhrZ6Jsu0ecfNIRzcaRy0K48ZV/6kk7C8vGlvDk+sHBZSzIOQKCAQEA79UxVGZY\nHwyJln2DZf2i8QHGGOiPa1bf0d2C/Cc4sTZXUMMg60trJpF4p2+Gi+kWgfziEJyS\nvPCe+diOjapVVm2UzeowT359URbqpRWpHGsr/F5uGSqBwSbQtZ/zqQTSx7SHCDE3\n7gsueuDNqeMKsQLhm0ifyPle6iIHyRkrynC9iD1U54Q3Ije+fdjQFa+UH773qPTs\n+lnUacU2Q/End6PdET6tQhzZ4jZP19/tbJUlkNPNhlMAXPg7RMmg9UrmfFtu8cxT\n8RI+OWpQBRtNxUCGNI5BhkPb7ZaLnVAmvDwKGF+amjgwfGBMwCRckfGEaeD9cljr\nR0mRPXNt3b4q6wKCAQEA0cpWel8ohmvjXsuP3c+NxLSkkmfl6XEBG3CfbsZGh+bi\n6xRQrn2EWp3rQy3JMmILiXAvZObEgvPvCbtV/HAuNstyQDHRBSnccSa54jbgdeFQ\nENF9JNQ4e+caN0whhLc/3GPyYjF5gNF1s8yJzDaEtV2cUVrTHe33PCHUuiIHQfwK\nOc0cvuu8LfX+m2HA2Sbdlmqm+jSIqUyh1U1aADqUASBamsf8FxZVrIA3y3Okl5HV\ncenBYNv3R7xBVESs1gJLdtnlN02wxe9iaNYcErF2zN+tNAqeuDNkkG024UcIk/jX\nPOEkSPFI7Fb8qpws8KdxzTA+SbX4ivS1aXY3ndIojQKCAQAOdlyzKjjGJotld8wk\nqlbZEbJQbjW301VL4n+zlOnmRdCeHiYuCi479SnBbwg+B6BD1mwLdGWk3x23E0gF\nYvAidhkzEZw4Lvh/m1IrAlNgU1Yjsc4R1m5cp2qOiUa4OoI7aLd71vv4btQutL+y\nLu7GHdZc9tQr2l3O4J53kf0CCCplvM0R6PcqKRJjpF9n716PS4TDu4FO13vnpOzQ\nzAoFPOxnzc/E3NiGu5+09NvsYFITmbIbF4Y+FPn9++qo4AtmFF1sV1X4g5EdBTwu\nEqdt7aYqJSnuXsk0Wo+wvNSZJUW2ko1QH3NNDMGUFJ1Ab7/8YoTmEFafxd/sRLmr\nVXxhAoIBAEK2zqNhqXh9zLNzlo+aFmJMc91fDv0ag5ifSwQmJ33GTbkmH7Ytki5i\n89LMN6Q/C54sP9YdkLZ4LjbxDRoW7otcTTve27KBqmmNQCWQ//ZcrWJ7zAkvN7sn\nNe4J1srmn3dNjWHui84MThrcW6HGYJNwbmpssKBe8XV86LI8agRwyyuwb4jDXHdd\nOBdfkb08n9Dan7kHhcIY7YnwbEOQXUqyaD26hQ8uehY+PAAGCXxt0uvDw0wzB0MX\nucq7gB8aYbcs+biJi0KWqrveAtVq+/WQ1/qpuemn5j4LjR08wpyT0Ja6nhhYKrGF\nxBnZSm1JQmZXBifYp25A/YPJJUyZ7W0CggEAaJstAWWvxTMR+drsnGzj1H9enPYV\n+HyVYimJg7BeETmK2CDK2pUpL33KwwUGQTpC3oHsFSXQge90qThL6xW+h3Hw0BPX\ntjEYwFnnqY7bSlIiuZhK5RgO9+XnnwbSs6pkFacJIk4hEZDDm6ub89Hj0GUWsmlZ\nYRFPNbspWfkL/dDt462+zoe421derCjw1pq0VJhbCjWrgxEYSTN19D49Zq43Hj6/\nWzyh54PgQi9vIT06AucHv6NoAXYxJqTSt+XQN55QhNavWOHqbey48W+TJMAvdRXP\nzKN+xHL64G3uTKs3JC7dBZlVYbR0vFZziQyW4YZFAjB6yRB+2hh0k7R/6w==\n-----END RSA PRIVATE KEY-----\n",
            "public_key_fingerprint_md5": "31:c8:28:63:38:e7:71:56:49:37:95:78:97:86:67:01",
            "public_key_openssh": "ssh-rsa AAAAB3NzaC1yc2EAAAADAQABAAACAQDEipyDF3ikCM7AxkehrhRez+JzoK4TQnDF5MQN3VUzLPwj9jbhOXAIKwO7/pcI1htCwCyxdIVXNQzlG03X1b2MjJHcQjqdhFI4VDipT4HXV9cai80XomGheRnveHVWQX3fCwftwJXcQ3v0qQvIxluOIg6Smv140d+V8KxchC56i14l/ZAjgdODDCeYXY41iG/Ii9L4a01LsmDq88Ugn9qKLXSDiwRKrKB0ufDYtIx6DAzNW5jqtQCxUyedcNlIrdB0VcQoUpCHPd0aXGFRzDTu32n7n+2X5hA921hpzmkMj8TrNEEhLUzeKP/AAiyxXlMYIC1Fwx1SFUBIwyJ6EgI4Q6DtPA7rj2YritxZpifwklkSSWmWKIju49rW94X1j0qAQN3l+aKkQ85Y6LBIjjRreBG+ZbHF0viwInldl0aKs7c+Kyk7X+sMjphoF27BNOJGOWXKx+A9/qeKo0FBiQRpKFoiuUpZDulzfZGyHTQZDbth2lffdBT0s0a+l1CL2hliyXiajZaB8rH2rJVED0HJnSzEYGiDuUqclN9avKeXo/pwW+il6opBNJnrz52A9nVy3F/b/pb8CLU19upZf2hG1NjDuifvU7gXaWAjSkOABnERP6WTgW3qi1G7nwsP/P8Y6iZnE0j3Wd8oDmyBIuhE4tCZ/nlxBI23Bc73LDhbbw==\n",
            "public_key_pem": "-----BEGIN PUBLIC KEY-----\nMIICIjANBgkqhkiG9w0BAQEFAAOCAg8AMIICCgKCAgEAxIqcgxd4pAjOwMZHoa4U\nXs/ic6CuE0JwxeTEDd1VMyz8I/Y24TlwCCsDu/6XCNYbQsAssXSFVzUM5RtN19W9\njIyR3EI6nYRSOFQ4qU+B11fXGovNF6JhoXkZ73h1VkF93wsH7cCV3EN79KkLyMZb\njiIOkpr9eNHflfCsXIQueoteJf2QI4HTgwwnmF2ONYhvyIvS+GtNS7Jg6vPFIJ/a\nii10g4sESqygdLnw2LSMegwMzVuY6rUAsVMnnXDZSK3QdFXEKFKQhz3dGlxhUcw0\n7t9p+5/tl+YQPdtYac5pDI/E6zRBIS1M3ij/wAIssV5TGCAtRcMdUhVASMMiehIC\nOEOg7TwO649mK4rcWaYn8JJZEklpliiI7uPa1veF9Y9KgEDd5fmipEPOWOiwSI40\na3gRvmWxxdL4sCJ5XZdGirO3PispO1/rDI6YaBduwTTiRjllysfgPf6niqNBQYkE\naShaIrlKWQ7pc32Rsh00GQ27YdpX33QU9LNGvpdQi9oZYsl4mo2WgfKx9qyVRA9B\nyZ0sxGBog7lKnJTfWrynl6P6cFvopeqKQTSZ68+dgPZ1ctxf2/6W/Ai1NfbqWX9o\nRtTYw7on71O4F2lgI0pDgAZxET+lk4Ft6otRu58LD/z/GOomZxNI91nfKA5sgSLo\nROLQmf55cQSNtwXO9yw4W28CAwEAAQ==\n-----END PUBLIC KEY-----\n",
            "rsa_bits": 4096
          },
          "sensitive_attributes": [],
          "private": "bnVsbA=="
        }
      ]
    }
  ]
}
